{
  "version": 4,
  "terraform_version": "1.12.1",
  "serial": 176,
  "lineage": "85a12532-32f6-0685-efbf-edcdcc1066b4",
  "outputs": {},
  "resources": [
    {
      "mode": "managed",
      "type": "helm_release",
      "name": "cilium",
      "provider": "provider[\"registry.terraform.io/hashicorp/helm\"]",
      "instances": [
        {
          "schema_version": 1,
          "attributes": {
            "atomic": false,
            "chart": "cilium",
            "cleanup_on_fail": false,
            "create_namespace": true,
            "dependency_update": false,
            "description": null,
            "devel": null,
            "disable_crd_hooks": false,
            "disable_openapi_validation": false,
            "disable_webhooks": false,
            "force_update": false,
            "id": "cilium",
            "keyring": null,
            "lint": false,
            "manifest": null,
            "max_history": 0,
            "metadata": [
              {
                "app_version": "1.16.7",
                "chart": "cilium",
                "first_deployed": 1749486024,
                "last_deployed": 1749486024,
                "name": "cilium",
                "namespace": "kube-system",
                "notes": "\n    You have successfully installed Cilium.\n\nYour release version is 1.16.7.\n\nFor any further help, visit https://docs.cilium.io/en/v1.16/gettinghelp\n",
                "revision": 1,
                "values": "{\"autoDirectNodeRoutes\":false,\"bandwidthManager\":{\"enabled\":false},\"bpf\":{\"ctAnyMax\":262144,\"ctTcpMax\":524288,\"lbMap\":{\"max\":65536},\"masquerade\":false},\"datapath\":{\"mode\":\"veth\"},\"debug\":{\"enabled\":false},\"encryption\":{\"enabled\":false},\"envoy\":{\"enabled\":false},\"hostFirewall\":{\"enabled\":false},\"hubble\":{\"enabled\":false},\"ipam\":{\"mode\":\"kubernetes\"},\"k8sServiceHost\":\"10.191.0.99\",\"k8sServicePort\":\"6443\",\"kubeProxyReplacement\":true,\"l7Proxy\":false,\"logLevel\":\"info\",\"mtu\":1430,\"nodePort\":{\"enabled\":false},\"operator\":{\"prometheus\":{\"enabled\":false},\"replicas\":1},\"policyEnforcementMode\":\"default\",\"prometheus\":{\"enabled\":false},\"routingMode\":\"tunnel\",\"socketLB\":{\"enabled\":false},\"tunnelProtocol\":\"vxlan\"}",
                "version": "1.16.7"
              }
            ],
            "name": "cilium",
            "namespace": "kube-system",
            "pass_credentials": false,
            "postrender": [],
            "recreate_pods": false,
            "render_subchart_notes": true,
            "replace": false,
            "repository": "https://helm.cilium.io/",
            "repository_ca_file": null,
            "repository_cert_file": null,
            "repository_key_file": null,
            "repository_password": null,
            "repository_username": null,
            "reset_values": false,
            "reuse_values": false,
            "set": [],
            "set_list": [],
            "set_sensitive": [],
            "skip_crds": false,
            "status": "deployed",
            "timeout": 300,
            "upgrade_install": null,
            "values": [
              "k8sServiceHost: 10.191.0.99\nk8sServicePort: \"6443\"\n\n# Use VXLAN tunnel mode for maximum compatibility\nroutingMode: tunnel\ntunnelProtocol: vxlan\n\n# Conservative networking settings\nipam:\n  mode: kubernetes\n\n# Disable ALL eBPF features to avoid compilation issues\nbpf:\n  masquerade: false\n  lbMap:\n    max: 65536\n  ctTcpMax: 524288\n  ctAnyMax: 262144\n\n# Enable kube-proxy replacement\nkubeProxyReplacement: true\n\n# Disable advanced features\nenvoy:\n  enabled: false\nl7Proxy: false\nencryption:\n  enabled: false\nhubble:\n  enabled: false\n\n# Disable datapath features that may cause eBPF compilation\ndatapath:\n  mode: veth\n  \n# Disable host firewall\nhostFirewall:\n  enabled: false\n\n# Disable bandwidth manager\nbandwidthManager:\n  enabled: false\n\n# Disable socket LB\nsocketLB:\n  enabled: false\n\n# Single operator replica\noperator:\n  replicas: 1\n  prometheus:\n    enabled: false\n\nprometheus:\n  enabled: false\n\n# Disable features that require eBPF compilation\nnodePort:\n  enabled: false\n\n# Use legacy mode for network policies\npolicyEnforcementMode: default\n\n# Disable auto-generated service accounts\nautoDirectNodeRoutes: false\n\n# Logging configuration - debug as object not boolean\ndebug:\n  enabled: false\nlogLevel: info\n\n# MTU configuration\nmtu: 1430\n"
            ],
            "verify": false,
            "version": "1.16.7",
            "wait": true,
            "wait_for_jobs": false
          },
          "sensitive_attributes": [
            [
              {
                "type": "get_attr",
                "value": "repository_password"
              }
            ]
          ],
          "identity_schema_version": 0,
          "private": "eyJzY2hlbWFfdmVyc2lvbiI6IjEifQ=="
        }
      ]
    },
    {
      "mode": "managed",
      "type": "helm_release",
      "name": "coredns",
      "provider": "provider[\"registry.terraform.io/hashicorp/helm\"]",
      "instances": [
        {
          "schema_version": 1,
          "attributes": {
            "atomic": false,
            "chart": "coredns",
            "cleanup_on_fail": false,
            "create_namespace": false,
            "dependency_update": false,
            "description": null,
            "devel": null,
            "disable_crd_hooks": false,
            "disable_openapi_validation": false,
            "disable_webhooks": false,
            "force_update": false,
            "id": "coredns",
            "keyring": null,
            "lint": false,
            "manifest": null,
            "max_history": 0,
            "metadata": [
              {
                "app_version": "1.12.0",
                "chart": "coredns",
                "first_deployed": 1749443608,
                "last_deployed": 1749443608,
                "name": "coredns",
                "namespace": "kube-system",
                "notes": "\nCoreDNS is now running in the cluster as a cluster-service.\n\nIt can be tested with the following:\n\n1. Launch a Pod with DNS tools:\n\nkubectl run -it --rm --restart=Never --image=infoblox/dnstools:latest dnstools\n\n2. Query the DNS server:\n\n/ # host kubernetes\n",
                "revision": 1,
                "values": "{\"autoscaler\":{\"coresPerReplica\":32,\"enabled\":false,\"max\":0,\"min\":5,\"nodesPerReplica\":2},\"prometheus\":{\"monitor\":{\"enabled\":true},\"service\":{\"enabled\":true}},\"servers\":[{\"plugins\":[{\"name\":\"errors\"},{\"configBlock\":\"lameduck 10s\",\"name\":\"health\"},{\"name\":\"ready\"},{\"configBlock\":\"pods insecure\\nfallthrough in-addr.arpa ip6.arpa\\nttl 30\",\"name\":\"kubernetes\",\"parameters\":\"cluster.local in-addr.arpa ip6.arpa\"},{\"name\":\"prometheus\",\"parameters\":\"0.0.0.0:9153\"},{\"name\":\"forward\",\"parameters\":\". /etc/resolv.conf\"},{\"name\":\"cache\",\"parameters\":30},{\"name\":\"loop\"},{\"name\":\"reload\"},{\"name\":\"loadbalance\"}],\"port\":53,\"zones\":[{\"zone\":\".\"}]}],\"service\":{\"clusterIP\":\"172.28.0.10\"}}",
                "version": "1.39.2"
              }
            ],
            "name": "coredns",
            "namespace": "kube-system",
            "pass_credentials": false,
            "postrender": [],
            "recreate_pods": false,
            "render_subchart_notes": true,
            "replace": false,
            "repository": "https://coredns.github.io/helm",
            "repository_ca_file": null,
            "repository_cert_file": null,
            "repository_key_file": null,
            "repository_password": null,
            "repository_username": null,
            "reset_values": false,
            "reuse_values": false,
            "set": [],
            "set_list": [],
            "set_sensitive": [],
            "skip_crds": false,
            "status": "deployed",
            "timeout": 300,
            "upgrade_install": null,
            "values": [
              "autoscaler:\n  enabled: false\n  coresPerReplica: 32\n  nodesPerReplica: 2\n  min: 5\n  max: 0\n\nservice:\n  clusterIP: 172.28.0.10\n\nprometheus:\n  service:\n    enabled: true\n  monitor:\n    enabled: true\n\nservers:\n- zones:\n  - zone: .\n  port: 53\n  plugins:\n  - name: errors\n  # Serves a /health endpoint on :8080, required for livenessProbe\n  - name: health\n    configBlock: |-\n      lameduck 10s\n  # Serves a /ready endpoint on :8181, required for readinessProbe\n  - name: ready\n  # Required to query kubernetes API for data\n  - name: kubernetes\n    parameters: cluster.local in-addr.arpa ip6.arpa\n    configBlock: |-\n      pods insecure\n      fallthrough in-addr.arpa ip6.arpa\n      ttl 30\n  # Serves a /metrics endpoint on :9153, required for serviceMonitor\n  - name: prometheus\n    parameters: 0.0.0.0:9153\n  - name: forward\n    parameters: . /etc/resolv.conf\n  - name: cache\n    parameters: 30\n  - name: loop\n  - name: reload\n  - name: loadbalance\n"
            ],
            "verify": false,
            "version": "1.39.2",
            "wait": true,
            "wait_for_jobs": false
          },
          "sensitive_attributes": [
            [
              {
                "type": "get_attr",
                "value": "repository_password"
              }
            ]
          ],
          "identity_schema_version": 0,
          "private": "eyJzY2hlbWFfdmVyc2lvbiI6IjEifQ=="
        }
      ]
    },
    {
      "mode": "managed",
      "type": "helm_release",
      "name": "external_dns",
      "provider": "provider[\"registry.terraform.io/hashicorp/helm\"]",
      "instances": [
        {
          "schema_version": 1,
          "attributes": {
            "atomic": false,
            "chart": "external-dns",
            "cleanup_on_fail": false,
            "create_namespace": false,
            "dependency_update": false,
            "description": null,
            "devel": null,
            "disable_crd_hooks": false,
            "disable_openapi_validation": false,
            "disable_webhooks": false,
            "force_update": false,
            "id": "external-dns",
            "keyring": null,
            "lint": false,
            "manifest": null,
            "max_history": 0,
            "metadata": [
              {
                "app_version": "0.16.1",
                "chart": "external-dns",
                "first_deployed": 1749447013,
                "last_deployed": 1749447013,
                "name": "external-dns",
                "namespace": "external-dns",
                "notes": "***********************************************************************\n* External DNS                                                        *\n***********************************************************************\n  Chart version: 1.16.0\n  App version:   0.16.1\n  Image tag:     registry.k8s.io/external-dns/external-dns:v0.16.1\n***********************************************************************\n",
                "revision": 1,
                "values": "{\"domainFilters\":[\"nataliagranato.xyz\"],\"extraArgs\":[\"--source=gateway-httproute\",\"--source=gateway-tlsroute\",\"--source=gateway-tcproute\",\"--source=gateway-udproute\",\"--rfc2136-host=8.8.8.8\",\"--rfc2136-port=53\",\"--rfc2136-zone=nataliagranato.xyz\",\"--rfc2136-tsig-secret=\",\"--rfc2136-tsig-secret-alg=hmac-sha256\",\"--rfc2136-tsig-keyname=nataliagranato.xyz.\",\"--rfc2136-tsig-axfr\"],\"logFormat\":\"json\",\"logLevel\":\"info\",\"provider\":{\"name\":\"rfc2136\"},\"resources\":{\"limits\":{\"cpu\":\"300m\",\"memory\":\"512Mi\"},\"requests\":{\"cpu\":\"30m\",\"memory\":\"128Mi\"}},\"serviceMonitor\":{\"enabled\":true},\"txtOwnerId\":\"k8s\",\"txtPrefix\":\"external-dns-\"}",
                "version": "1.16.0"
              }
            ],
            "name": "external-dns",
            "namespace": "external-dns",
            "pass_credentials": false,
            "postrender": [],
            "recreate_pods": false,
            "render_subchart_notes": true,
            "replace": false,
            "repository": "https://kubernetes-sigs.github.io/external-dns/",
            "repository_ca_file": null,
            "repository_cert_file": null,
            "repository_key_file": null,
            "repository_password": null,
            "repository_username": null,
            "reset_values": false,
            "reuse_values": false,
            "set": [],
            "set_list": [],
            "set_sensitive": [],
            "skip_crds": false,
            "status": "deployed",
            "timeout": 300,
            "upgrade_install": null,
            "values": [
              "provider:\n  name: \"rfc2136\"\n\ndomainFilters:\n    - nataliagranato.xyz\n  \nlogLevel: info\nlogFormat: json\ntxtPrefix: \"external-dns-\"\ntxtOwnerId: \"k8s\"\nextraArgs:\n  - \"--source=gateway-httproute\"\n  - \"--source=gateway-tlsroute\"\n  - \"--source=gateway-tcproute\"\n  - \"--source=gateway-udproute\"\n  - \"--rfc2136-host=8.8.8.8\"\n  - \"--rfc2136-port=53\"\n  - \"--rfc2136-zone=nataliagranato.xyz\"\n  - \"--rfc2136-tsig-secret=\"\n  - \"--rfc2136-tsig-secret-alg=hmac-sha256\"\n  - \"--rfc2136-tsig-keyname=nataliagranato.xyz.\"\n  - \"--rfc2136-tsig-axfr\"\n\nresources:\n  \"limits\":\n    \"cpu\": \"300m\"\n    \"memory\": \"512Mi\"\n  \"requests\":\n    \"cpu\": \"30m\"\n    \"memory\": \"128Mi\"\n  \n\nserviceMonitor:\n  enabled: true\n"
            ],
            "verify": false,
            "version": "1.16.0",
            "wait": true,
            "wait_for_jobs": false
          },
          "sensitive_attributes": [
            [
              {
                "type": "get_attr",
                "value": "repository_password"
              }
            ]
          ],
          "identity_schema_version": 0,
          "private": "eyJzY2hlbWFfdmVyc2lvbiI6IjEifQ==",
          "dependencies": [
            "kubernetes_namespace_v1.external_dns"
          ]
        }
      ]
    },
    {
      "mode": "managed",
      "type": "helm_release",
      "name": "local_path_provisioner",
      "provider": "provider[\"registry.terraform.io/hashicorp/helm\"]",
      "instances": [
        {
          "schema_version": 1,
          "attributes": {
            "atomic": false,
            "chart": "./charts/local-path-provisioner",
            "cleanup_on_fail": false,
            "create_namespace": false,
            "dependency_update": false,
            "description": null,
            "devel": null,
            "disable_crd_hooks": false,
            "disable_openapi_validation": false,
            "disable_webhooks": false,
            "force_update": false,
            "id": "local-path-provisioner",
            "keyring": null,
            "lint": false,
            "manifest": null,
            "max_history": 0,
            "metadata": [
              {
                "app_version": "v0.0.31",
                "chart": "local-path-provisioner",
                "first_deployed": 1749447007,
                "last_deployed": 1749447007,
                "name": "local-path-provisioner",
                "namespace": "local-path-provisioner",
                "notes": "You can create a hostpath-backed persistent volume with a persistent volume claim like this:\n\napiVersion: v1\nkind: PersistentVolumeClaim\nmetadata:\n  name: local-path-pvc\nspec:\n  accessModes:\n    - ReadWriteOnce\n  storageClassName: local-path\n  resources:\n    requests:\n      storage: 2Gi\n",
                "revision": 1,
                "values": "{}",
                "version": "0.0.31"
              }
            ],
            "name": "local-path-provisioner",
            "namespace": "local-path-provisioner",
            "pass_credentials": false,
            "postrender": [],
            "recreate_pods": false,
            "render_subchart_notes": true,
            "replace": false,
            "repository": null,
            "repository_ca_file": null,
            "repository_cert_file": null,
            "repository_key_file": null,
            "repository_password": null,
            "repository_username": null,
            "reset_values": false,
            "reuse_values": false,
            "set": [],
            "set_list": [],
            "set_sensitive": [],
            "skip_crds": false,
            "status": "deployed",
            "timeout": 300,
            "upgrade_install": null,
            "values": null,
            "verify": false,
            "version": "0.0.31",
            "wait": true,
            "wait_for_jobs": false
          },
          "sensitive_attributes": [
            [
              {
                "type": "get_attr",
                "value": "repository_password"
              }
            ]
          ],
          "identity_schema_version": 0,
          "private": "eyJzY2hlbWFfdmVyc2lvbiI6IjEifQ==",
          "dependencies": [
            "kubernetes_namespace_v1.local_path_provisioner"
          ]
        }
      ]
    },
    {
      "mode": "managed",
      "type": "helm_release",
      "name": "metrics_server",
      "provider": "provider[\"registry.terraform.io/hashicorp/helm\"]",
      "instances": [
        {
          "schema_version": 1,
          "attributes": {
            "atomic": false,
            "chart": "metrics-server",
            "cleanup_on_fail": false,
            "create_namespace": false,
            "dependency_update": false,
            "description": null,
            "devel": null,
            "disable_crd_hooks": false,
            "disable_openapi_validation": false,
            "disable_webhooks": false,
            "force_update": false,
            "id": "metrics-server",
            "keyring": null,
            "lint": false,
            "manifest": null,
            "max_history": 0,
            "metadata": [
              {
                "app_version": "0.7.2",
                "chart": "metrics-server",
                "first_deployed": 1749447008,
                "last_deployed": 1749447008,
                "name": "metrics-server",
                "namespace": "kube-system",
                "notes": "***********************************************************************\n* Metrics Server                                                      *\n***********************************************************************\n  Chart version: 3.12.2\n  App version:   0.7.2\n  Image tag:     registry.k8s.io/metrics-server/metrics-server:v0.7.2\n***********************************************************************\n",
                "revision": 1,
                "values": "{}",
                "version": "3.12.2"
              }
            ],
            "name": "metrics-server",
            "namespace": "kube-system",
            "pass_credentials": false,
            "postrender": [],
            "recreate_pods": false,
            "render_subchart_notes": true,
            "replace": false,
            "repository": "https://kubernetes-sigs.github.io/metrics-server",
            "repository_ca_file": null,
            "repository_cert_file": null,
            "repository_key_file": null,
            "repository_password": null,
            "repository_username": null,
            "reset_values": false,
            "reuse_values": false,
            "set": [],
            "set_list": [],
            "set_sensitive": [],
            "skip_crds": false,
            "status": "deployed",
            "timeout": 300,
            "upgrade_install": null,
            "values": null,
            "verify": false,
            "version": "3.12.2",
            "wait": true,
            "wait_for_jobs": false
          },
          "sensitive_attributes": [
            [
              {
                "type": "get_attr",
                "value": "repository_password"
              }
            ]
          ],
          "identity_schema_version": 0,
          "private": "eyJzY2hlbWFfdmVyc2lvbiI6IjEifQ=="
        }
      ]
    },
    {
      "mode": "managed",
      "type": "helm_release",
      "name": "traefik",
      "provider": "provider[\"registry.terraform.io/hashicorp/helm\"]",
      "instances": [
        {
          "schema_version": 1,
          "attributes": {
            "atomic": false,
            "chart": "traefik",
            "cleanup_on_fail": false,
            "create_namespace": false,
            "dependency_update": false,
            "description": null,
            "devel": null,
            "disable_crd_hooks": false,
            "disable_openapi_validation": false,
            "disable_webhooks": false,
            "force_update": false,
            "id": "traefik",
            "keyring": null,
            "lint": false,
            "manifest": null,
            "max_history": 0,
            "metadata": [
              {
                "app_version": "v3.4.0",
                "chart": "traefik",
                "first_deployed": 1749487989,
                "last_deployed": 1749487989,
                "name": "traefik",
                "namespace": "traefik",
                "notes": "\n\ntraefik with docker.io/traefik:v3.4.0 has been deployed successfully on traefik namespace !\n",
                "revision": 1,
                "values": "{\"additionalArguments\":[],\"autoscaling\":{\"enabled\":false},\"certificatesResolvers\":{},\"deployment\":{\"replicas\":3},\"env\":[],\"envFrom\":[],\"globalArguments\":[\"--global.checknewversion\",\"--global.sendanonymoususage\"],\"ingressClass\":{\"enabled\":true,\"isDefaultClass\":true,\"name\":\"traefik\"},\"metrics\":{\"addInternals\":false,\"otlp\":{\"addEntryPointsLabels\":false,\"addRoutersLabels\":false,\"addServicesLabels\":false,\"enabled\":false,\"explicitBoundaries\":[],\"grpc\":{\"enabled\":false,\"endpoint\":\"\",\"insecure\":false,\"tls\":{\"ca\":\"\",\"cert\":\"\",\"insecureSkipVerify\":false,\"key\":\"\"}},\"http\":{\"enabled\":false,\"endpoint\":\"\",\"headers\":{},\"tls\":{\"ca\":\"\",\"cert\":\"\",\"insecureSkipVerify\":false,\"key\":\"\"}},\"pushInterval\":\"\"},\"prometheus\":{\"addEntryPointsLabels\":false,\"addRoutersLabels\":false,\"addServicesLabels\":false,\"buckets\":\"\",\"disableAPICheck\":false,\"entryPoint\":\"metrics\",\"headerLabels\":{},\"manualRouting\":false,\"prometheusRule\":{\"additionalLabels\":{},\"enabled\":false,\"namespace\":\"\"},\"service\":{\"annotations\":{},\"enabled\":false,\"labels\":{}},\"serviceMonitor\":{\"additionalLabels\":{},\"enableHttp2\":false,\"enabled\":false,\"followRedirects\":false,\"honorLabels\":false,\"honorTimestamps\":false,\"interval\":\"\",\"jobLabel\":\"\",\"metricRelabelings\":[],\"namespace\":\"\",\"namespaceSelector\":{},\"relabelings\":[],\"scrapeTimeout\":\"\"}}},\"podDisruptionBudget\":{\"enabled\":true,\"minAvailable\":1},\"ports\":{\"metrics\":{\"expose\":{\"default\":false},\"exposedPort\":9100,\"port\":9100,\"protocol\":\"TCP\"},\"traefik\":{\"expose\":{\"default\":false},\"exposedPort\":8080,\"port\":8080,\"protocol\":\"TCP\"},\"web\":{\"expose\":{\"default\":true},\"exposedPort\":80,\"port\":80,\"protocol\":\"TCP\"},\"websecure\":{\"expose\":{\"default\":true},\"exposedPort\":443,\"middlewares\":[],\"port\":443,\"protocol\":\"TCP\",\"tls\":{\"certResolver\":\"\",\"domains\":[],\"enabled\":true,\"options\":\"\"}}},\"providers\":{\"kubernetesCRD\":{\"enabled\":true},\"kubernetesGateway\":{\"enabled\":false},\"kubernetesIngress\":{\"enabled\":true}},\"service\":{\"annotations\":{},\"annotationsTCP\":{},\"annotationsUDP\":{},\"enabled\":true,\"labels\":{},\"single\":true,\"spec\":null,\"type\":\"LoadBalancer\"},\"tlsOptions\":{},\"tlsStore\":{}}",
                "version": "35.4.0"
              }
            ],
            "name": "traefik",
            "namespace": "traefik",
            "pass_credentials": false,
            "postrender": [],
            "recreate_pods": false,
            "render_subchart_notes": true,
            "replace": false,
            "repository": "https://traefik.github.io/charts",
            "repository_ca_file": null,
            "repository_cert_file": null,
            "repository_key_file": null,
            "repository_password": null,
            "repository_username": null,
            "reset_values": false,
            "reuse_values": false,
            "set": [],
            "set_list": [],
            "set_sensitive": [],
            "skip_crds": false,
            "status": "deployed",
            "timeout": 300,
            "upgrade_install": null,
            "values": [
              "deployment:\n  replicas: 3\n\npodDisruptionBudget:\n  enabled: true\n  minAvailable: 1\n\ningressClass:\n  enabled: true\n  name: \"traefik\"\n  isDefaultClass: true\n\nproviders:\n  kubernetesCRD:\n    enabled: true\n  kubernetesIngress:\n    enabled: true\n  kubernetesGateway:\n    enabled: false\n\nmetrics:\n  addInternals: false\n  prometheus:\n    entryPoint: metrics\n    addEntryPointsLabels: false\n    addRoutersLabels: false\n    addServicesLabels: false\n    buckets: \"\"\n    manualRouting: false\n    headerLabels: {}\n    service:\n      enabled: false\n      labels: {}\n      annotations: {}\n    disableAPICheck: false\n    serviceMonitor:\n      enabled: false\n      metricRelabelings: []\n      relabelings: []\n      jobLabel: \"\"\n      interval: \"\"\n      honorLabels: false\n      scrapeTimeout: \"\"\n      honorTimestamps: false\n      enableHttp2: false\n      followRedirects: false\n      additionalLabels: {}\n      namespace: \"\"\n      namespaceSelector: {}\n    prometheusRule:\n      enabled: false\n      additionalLabels: {}\n      namespace: \"\"\n  otlp:\n    enabled: false\n    addEntryPointsLabels: false\n    addRoutersLabels: false\n    addServicesLabels: false\n    explicitBoundaries: []\n    pushInterval: \"\"\n    http:\n      enabled: false\n      endpoint: \"\"\n      headers: {}\n      tls:\n        ca: \"\"\n        cert: \"\"\n        key: \"\"\n        insecureSkipVerify: false\n    grpc:\n      enabled: false\n      endpoint: \"\"\n      insecure: false\n      tls:\n        ca: \"\"\n        cert: \"\"\n        key: \"\"\n        insecureSkipVerify: false\n\nglobalArguments:\n  - \"--global.checknewversion\"\n  - \"--global.sendanonymoususage\"\n\nadditionalArguments: []\nenv: []\nenvFrom: []\n\nports:\n  traefik:\n    port: 8080\n    expose:\n      default: false\n    exposedPort: 8080\n    protocol: TCP\n  web:\n    port: 80\n    expose:\n      default: true\n    exposedPort: 80\n    protocol: TCP\n  websecure:\n    port: 443\n    expose:\n      default: true\n    exposedPort: 443\n    protocol: TCP\n    tls:\n      enabled: true\n      options: \"\"\n      certResolver: \"\"\n      domains: []\n    middlewares: []\n  metrics:\n    port: 9100\n    expose:\n      default: false\n    exposedPort: 9100\n    protocol: TCP\n\ntlsOptions: {}\ntlsStore: {}\n\nservice:\n  enabled: true\n  single: true\n  type: LoadBalancer\n  annotations: {}\n  annotationsTCP: {}\n  annotationsUDP: {}\n  labels: {}\n  spec:\n    # loadBalancerIP: \"10.191.0.120\" # Linha removida para IP dinâmico\n\nautoscaling:\n  enabled: false\n\ncertificatesResolvers: {}"
            ],
            "verify": false,
            "version": "35.4.0",
            "wait": true,
            "wait_for_jobs": false
          },
          "sensitive_attributes": [
            [
              {
                "type": "get_attr",
                "value": "repository_password"
              }
            ]
          ],
          "identity_schema_version": 0,
          "private": "eyJzY2hlbWFfdmVyc2lvbiI6IjEifQ==",
          "dependencies": [
            "kubernetes_namespace_v1.traefik"
          ]
        }
      ]
    },
    {
      "mode": "managed",
      "type": "kubernetes_manifest",
      "name": "metallb_ipaddresspool",
      "provider": "provider[\"registry.terraform.io/hashicorp/kubernetes\"]",
      "instances": [
        {
          "schema_version": 1,
          "attributes": {
            "computed_fields": null,
            "field_manager": [],
            "manifest": {
              "value": {
                "apiVersion": "metallb.io/v1beta1",
                "kind": "IPAddressPool",
                "metadata": {
                  "name": "lb-pool",
                  "namespace": "metallb-system"
                },
                "spec": {
                  "addresses": [
                    "10.191.0.121-10.191.0.140"
                  ]
                }
              },
              "type": [
                "object",
                {
                  "apiVersion": "string",
                  "kind": "string",
                  "metadata": [
                    "object",
                    {
                      "name": "string",
                      "namespace": "string"
                    }
                  ],
                  "spec": [
                    "object",
                    {
                      "addresses": [
                        "tuple",
                        [
                          "string"
                        ]
                      ]
                    }
                  ]
                }
              ]
            },
            "object": {
              "value": {
                "apiVersion": "metallb.io/v1beta1",
                "kind": "IPAddressPool",
                "metadata": {
                  "annotations": null,
                  "creationTimestamp": null,
                  "deletionGracePeriodSeconds": null,
                  "deletionTimestamp": null,
                  "finalizers": null,
                  "generateName": null,
                  "generation": null,
                  "labels": null,
                  "managedFields": null,
                  "name": "lb-pool",
                  "namespace": "metallb-system",
                  "ownerReferences": null,
                  "resourceVersion": null,
                  "selfLink": null,
                  "uid": null
                },
                "spec": {
                  "addresses": [
                    "10.191.0.121-10.191.0.140"
                  ],
                  "autoAssign": true,
                  "avoidBuggyIPs": false,
                  "serviceAllocation": {
                    "namespaceSelectors": null,
                    "namespaces": null,
                    "priority": null,
                    "serviceSelectors": null
                  }
                }
              },
              "type": [
                "object",
                {
                  "apiVersion": "string",
                  "kind": "string",
                  "metadata": [
                    "object",
                    {
                      "annotations": [
                        "map",
                        "string"
                      ],
                      "creationTimestamp": "string",
                      "deletionGracePeriodSeconds": "number",
                      "deletionTimestamp": "string",
                      "finalizers": [
                        "list",
                        "string"
                      ],
                      "generateName": "string",
                      "generation": "number",
                      "labels": [
                        "map",
                        "string"
                      ],
                      "managedFields": [
                        "tuple",
                        [
                          [
                            "object",
                            {
                              "apiVersion": "string",
                              "fieldsType": "string",
                              "fieldsV1": "dynamic",
                              "manager": "string",
                              "operation": "string",
                              "subresource": "string",
                              "time": "string"
                            }
                          ]
                        ]
                      ],
                      "name": "string",
                      "namespace": "string",
                      "ownerReferences": [
                        "list",
                        [
                          "object",
                          {
                            "apiVersion": "string",
                            "blockOwnerDeletion": "bool",
                            "controller": "bool",
                            "kind": "string",
                            "name": "string",
                            "uid": "string"
                          }
                        ]
                      ],
                      "resourceVersion": "string",
                      "selfLink": "string",
                      "uid": "string"
                    }
                  ],
                  "spec": [
                    "object",
                    {
                      "addresses": [
                        "list",
                        "string"
                      ],
                      "autoAssign": "bool",
                      "avoidBuggyIPs": "bool",
                      "serviceAllocation": [
                        "object",
                        {
                          "namespaceSelectors": [
                            "list",
                            [
                              "object",
                              {
                                "matchExpressions": [
                                  "list",
                                  [
                                    "object",
                                    {
                                      "key": "string",
                                      "operator": "string",
                                      "values": [
                                        "list",
                                        "string"
                                      ]
                                    }
                                  ]
                                ],
                                "matchLabels": [
                                  "map",
                                  "string"
                                ]
                              }
                            ]
                          ],
                          "namespaces": [
                            "list",
                            "string"
                          ],
                          "priority": "number",
                          "serviceSelectors": [
                            "list",
                            [
                              "object",
                              {
                                "matchExpressions": [
                                  "list",
                                  [
                                    "object",
                                    {
                                      "key": "string",
                                      "operator": "string",
                                      "values": [
                                        "list",
                                        "string"
                                      ]
                                    }
                                  ]
                                ],
                                "matchLabels": [
                                  "map",
                                  "string"
                                ]
                              }
                            ]
                          ]
                        }
                      ]
                    }
                  ]
                }
              ]
            },
            "timeouts": [],
            "wait": [],
            "wait_for": null
          },
          "sensitive_attributes": [],
          "identity_schema_version": 0,
          "dependencies": [
            "kubernetes_namespace_v1.metallb",
            "null_resource.metallb_native_manifest"
          ]
        }
      ]
    },
    {
      "mode": "managed",
      "type": "kubernetes_manifest",
      "name": "metallb_l2advertisement",
      "provider": "provider[\"registry.terraform.io/hashicorp/kubernetes\"]",
      "instances": [
        {
          "schema_version": 1,
          "attributes": {
            "computed_fields": null,
            "field_manager": [],
            "manifest": {
              "value": {
                "apiVersion": "metallb.io/v1beta1",
                "kind": "L2Advertisement",
                "metadata": {
                  "name": "lb-pool-advertisement",
                  "namespace": "metallb-system"
                },
                "spec": {
                  "ipAddressPools": [
                    "lb-pool"
                  ]
                }
              },
              "type": [
                "object",
                {
                  "apiVersion": "string",
                  "kind": "string",
                  "metadata": [
                    "object",
                    {
                      "name": "string",
                      "namespace": "string"
                    }
                  ],
                  "spec": [
                    "object",
                    {
                      "ipAddressPools": [
                        "tuple",
                        [
                          "string"
                        ]
                      ]
                    }
                  ]
                }
              ]
            },
            "object": {
              "value": {
                "apiVersion": "metallb.io/v1beta1",
                "kind": "L2Advertisement",
                "metadata": {
                  "annotations": null,
                  "creationTimestamp": null,
                  "deletionGracePeriodSeconds": null,
                  "deletionTimestamp": null,
                  "finalizers": null,
                  "generateName": null,
                  "generation": null,
                  "labels": null,
                  "managedFields": null,
                  "name": "lb-pool-advertisement",
                  "namespace": "metallb-system",
                  "ownerReferences": null,
                  "resourceVersion": null,
                  "selfLink": null,
                  "uid": null
                },
                "spec": {
                  "interfaces": null,
                  "ipAddressPoolSelectors": null,
                  "ipAddressPools": [
                    "lb-pool"
                  ],
                  "nodeSelectors": null
                }
              },
              "type": [
                "object",
                {
                  "apiVersion": "string",
                  "kind": "string",
                  "metadata": [
                    "object",
                    {
                      "annotations": [
                        "map",
                        "string"
                      ],
                      "creationTimestamp": "string",
                      "deletionGracePeriodSeconds": "number",
                      "deletionTimestamp": "string",
                      "finalizers": [
                        "list",
                        "string"
                      ],
                      "generateName": "string",
                      "generation": "number",
                      "labels": [
                        "map",
                        "string"
                      ],
                      "managedFields": [
                        "tuple",
                        [
                          [
                            "object",
                            {
                              "apiVersion": "string",
                              "fieldsType": "string",
                              "fieldsV1": "dynamic",
                              "manager": "string",
                              "operation": "string",
                              "subresource": "string",
                              "time": "string"
                            }
                          ]
                        ]
                      ],
                      "name": "string",
                      "namespace": "string",
                      "ownerReferences": [
                        "list",
                        [
                          "object",
                          {
                            "apiVersion": "string",
                            "blockOwnerDeletion": "bool",
                            "controller": "bool",
                            "kind": "string",
                            "name": "string",
                            "uid": "string"
                          }
                        ]
                      ],
                      "resourceVersion": "string",
                      "selfLink": "string",
                      "uid": "string"
                    }
                  ],
                  "spec": [
                    "object",
                    {
                      "interfaces": [
                        "list",
                        "string"
                      ],
                      "ipAddressPoolSelectors": [
                        "list",
                        [
                          "object",
                          {
                            "matchExpressions": [
                              "list",
                              [
                                "object",
                                {
                                  "key": "string",
                                  "operator": "string",
                                  "values": [
                                    "list",
                                    "string"
                                  ]
                                }
                              ]
                            ],
                            "matchLabels": [
                              "map",
                              "string"
                            ]
                          }
                        ]
                      ],
                      "ipAddressPools": [
                        "list",
                        "string"
                      ],
                      "nodeSelectors": [
                        "list",
                        [
                          "object",
                          {
                            "matchExpressions": [
                              "list",
                              [
                                "object",
                                {
                                  "key": "string",
                                  "operator": "string",
                                  "values": [
                                    "list",
                                    "string"
                                  ]
                                }
                              ]
                            ],
                            "matchLabels": [
                              "map",
                              "string"
                            ]
                          }
                        ]
                      ]
                    }
                  ]
                }
              ]
            },
            "timeouts": [],
            "wait": [],
            "wait_for": null
          },
          "sensitive_attributes": [],
          "identity_schema_version": 0,
          "dependencies": [
            "kubernetes_manifest.metallb_ipaddresspool",
            "kubernetes_namespace_v1.metallb",
            "null_resource.metallb_native_manifest"
          ]
        }
      ]
    },
    {
      "mode": "managed",
      "type": "kubernetes_namespace_v1",
      "name": "cert_manager",
      "provider": "provider[\"registry.terraform.io/hashicorp/kubernetes\"]",
      "instances": [
        {
          "schema_version": 0,
          "attributes": {
            "id": "cert-manager",
            "metadata": [
              {
                "annotations": {},
                "generate_name": "",
                "generation": 0,
                "labels": {},
                "name": "cert-manager",
                "resource_version": "15757",
                "uid": "66a47933-6398-4878-9651-bb3ddcb35033"
              }
            ],
            "timeouts": null,
            "wait_for_default_service_account": false
          },
          "sensitive_attributes": [],
          "identity_schema_version": 0,
          "private": "eyJlMmJmYjczMC1lY2FhLTExZTYtOGY4OC0zNDM2M2JjN2M0YzAiOnsiZGVsZXRlIjozMDAwMDAwMDAwMDB9fQ=="
        }
      ]
    },
    {
      "mode": "managed",
      "type": "kubernetes_namespace_v1",
      "name": "external_dns",
      "provider": "provider[\"registry.terraform.io/hashicorp/kubernetes\"]",
      "instances": [
        {
          "schema_version": 0,
          "attributes": {
            "id": "external-dns",
            "metadata": [
              {
                "annotations": {},
                "generate_name": "",
                "generation": 0,
                "labels": {},
                "name": "external-dns",
                "resource_version": "15753",
                "uid": "d57b5de5-36bf-45f9-81e1-4a0d9c0d1893"
              }
            ],
            "timeouts": null,
            "wait_for_default_service_account": false
          },
          "sensitive_attributes": [],
          "identity_schema_version": 0,
          "private": "eyJlMmJmYjczMC1lY2FhLTExZTYtOGY4OC0zNDM2M2JjN2M0YzAiOnsiZGVsZXRlIjozMDAwMDAwMDAwMDB9fQ=="
        }
      ]
    },
    {
      "mode": "managed",
      "type": "kubernetes_namespace_v1",
      "name": "local_path_provisioner",
      "provider": "provider[\"registry.terraform.io/hashicorp/kubernetes\"]",
      "instances": [
        {
          "schema_version": 0,
          "attributes": {
            "id": "local-path-provisioner",
            "metadata": [
              {
                "annotations": {},
                "generate_name": "",
                "generation": 0,
                "labels": {},
                "name": "local-path-provisioner",
                "resource_version": "15754",
                "uid": "07b01ed2-2b98-4a13-a630-2e68df9a52b5"
              }
            ],
            "timeouts": null,
            "wait_for_default_service_account": false
          },
          "sensitive_attributes": [],
          "identity_schema_version": 0,
          "private": "eyJlMmJmYjczMC1lY2FhLTExZTYtOGY4OC0zNDM2M2JjN2M0YzAiOnsiZGVsZXRlIjozMDAwMDAwMDAwMDB9fQ=="
        }
      ]
    },
    {
      "mode": "managed",
      "type": "kubernetes_namespace_v1",
      "name": "metallb",
      "provider": "provider[\"registry.terraform.io/hashicorp/kubernetes\"]",
      "instances": [
        {
          "schema_version": 0,
          "attributes": {
            "id": "metallb-system",
            "metadata": [
              {
                "annotations": {},
                "generate_name": "",
                "generation": 0,
                "labels": {},
                "name": "metallb-system",
                "resource_version": "59033",
                "uid": "3cd781b2-b3d8-46aa-9e67-394042363326"
              }
            ],
            "timeouts": null,
            "wait_for_default_service_account": false
          },
          "sensitive_attributes": [],
          "identity_schema_version": 0,
          "private": "eyJlMmJmYjczMC1lY2FhLTExZTYtOGY4OC0zNDM2M2JjN2M0YzAiOnsiZGVsZXRlIjozMDAwMDAwMDAwMDB9fQ=="
        }
      ]
    },
    {
      "mode": "managed",
      "type": "kubernetes_namespace_v1",
      "name": "traefik",
      "provider": "provider[\"registry.terraform.io/hashicorp/kubernetes\"]",
      "instances": [
        {
          "schema_version": 0,
          "attributes": {
            "id": "traefik",
            "metadata": [
              {
                "annotations": {},
                "generate_name": "",
                "generation": 0,
                "labels": {},
                "name": "traefik",
                "resource_version": "40088",
                "uid": "f8fdc4a0-c455-43d9-8e6e-c0281c3ca96a"
              }
            ],
            "timeouts": null,
            "wait_for_default_service_account": false
          },
          "sensitive_attributes": [],
          "identity_schema_version": 0,
          "private": "eyJlMmJmYjczMC1lY2FhLTExZTYtOGY4OC0zNDM2M2JjN2M0YzAiOnsiZGVsZXRlIjozMDAwMDAwMDAwMDB9fQ=="
        }
      ]
    },
    {
      "mode": "managed",
      "type": "null_resource",
      "name": "metallb_native_manifest",
      "provider": "provider[\"registry.terraform.io/hashicorp/null\"]",
      "instances": [
        {
          "schema_version": 0,
          "attributes": {
            "id": "819497055320622677",
            "triggers": {
              "always_run": "2025-06-09T16:26:54Z"
            }
          },
          "sensitive_attributes": [],
          "identity_schema_version": 0,
          "dependencies": [
            "kubernetes_namespace_v1.metallb"
          ]
        }
      ]
    }
  ],
  "check_results": null
}
