{
  "version": 4,
  "terraform_version": "1.12.1",
  "serial": 47,
  "lineage": "ebcb50e9-66a6-040e-4e55-9d4e95e071a3",
  "outputs": {},
  "resources": [
    {
      "mode": "managed",
      "type": "incus_network",
      "name": "this",
      "provider": "provider[\"registry.terraform.io/lxc/incus\"]",
      "instances": [
        {
          "index_key": "infra-unified",
          "schema_version": 0,
          "attributes": {
            "config": {
              "ipv4.address": "10.191.1.1/24",
              "ipv4.dhcp.ranges": "10.191.1.2-10.191.1.199",
              "ipv4.nat": "true",
              "ipv6.address": "none",
              "network": "lxdbr0"
            },
            "description": "",
            "managed": true,
            "name": "infra-unified",
            "project": "infra",
            "remote": null,
            "target": null,
            "type": "ovn"
          },
          "sensitive_attributes": [],
          "identity_schema_version": 0,
          "dependencies": [
            "incus_project.this"
          ]
        },
        {
          "index_key": "kubernetes",
          "schema_version": 0,
          "attributes": {
            "config": {
              "ipv4.address": "10.191.0.1/24",
              "ipv4.dhcp.ranges": "10.191.0.2-10.191.0.99",
              "ipv4.nat": "true",
              "ipv6.address": "none",
              "network": "lxdbr0"
            },
            "description": "",
            "managed": true,
            "name": "kubernetes",
            "project": "apps",
            "remote": null,
            "target": null,
            "type": "ovn"
          },
          "sensitive_attributes": [],
          "identity_schema_version": 0,
          "dependencies": [
            "incus_project.this"
          ]
        }
      ]
    },
    {
      "mode": "managed",
      "type": "incus_network",
      "name": "uplink",
      "provider": "provider[\"registry.terraform.io/lxc/incus\"]",
      "instances": [
        {
          "index_key": "lxdbr0",
          "schema_version": 0,
          "attributes": {
            "config": {
              "ipv4.address": "10.0.0.1/24",
              "ipv4.dhcp.ranges": "10.0.0.100-10.0.0.150",
              "ipv4.nat": "true",
              "ipv4.ovn.ranges": "10.0.0.151-10.0.0.200",
              "ipv4.routes": "10.191.1.100/32,10.191.1.101/32,10.191.0.99/32",
              "ipv6.address": "none"
            },
            "description": "",
            "managed": true,
            "name": "lxdbr0",
            "project": null,
            "remote": null,
            "target": null,
            "type": "bridge"
          },
          "sensitive_attributes": [],
          "identity_schema_version": 0
        }
      ]
    },
    {
      "mode": "managed",
      "type": "incus_profile",
      "name": "this",
      "provider": "provider[\"registry.terraform.io/lxc/incus\"]",
      "instances": [
        {
          "index_key": "infra-unified-1-1-20",
          "schema_version": 0,
          "attributes": {
            "config": {
              "limits.cpu": "1",
              "limits.memory": "1024MB",
              "migration.stateful": "true"
            },
            "description": "",
            "device": [
              {
                "name": "eth0",
                "properties": {
                  "name": "eth0",
                  "network": "infra-unified"
                },
                "type": "nic"
              },
              {
                "name": "root",
                "properties": {
                  "path": "/",
                  "pool": "local",
                  "size": "20GB"
                },
                "type": "disk"
              }
            ],
            "name": "infra-unified-1-1-20",
            "project": "infra",
            "remote": null
          },
          "sensitive_attributes": [],
          "identity_schema_version": 0,
          "dependencies": [
            "incus_network.this",
            "incus_project.this"
          ]
        },
        {
          "index_key": "infra-unified-2-4-20",
          "schema_version": 0,
          "attributes": {
            "config": {
              "limits.cpu": "2",
              "limits.memory": "4096MB",
              "migration.stateful": "true"
            },
            "description": "",
            "device": [
              {
                "name": "eth0",
                "properties": {
                  "name": "eth0",
                  "network": "infra-unified"
                },
                "type": "nic"
              },
              {
                "name": "root",
                "properties": {
                  "path": "/",
                  "pool": "local",
                  "size": "20GB"
                },
                "type": "disk"
              }
            ],
            "name": "infra-unified-2-4-20",
            "project": "infra",
            "remote": null
          },
          "sensitive_attributes": [],
          "identity_schema_version": 0,
          "dependencies": [
            "incus_network.this",
            "incus_project.this"
          ]
        },
        {
          "index_key": "kubernetes-2-4-20",
          "schema_version": 0,
          "attributes": {
            "config": {
              "limits.cpu": "2",
              "limits.memory": "4096MB",
              "migration.stateful": "true"
            },
            "description": "",
            "device": [
              {
                "name": "eth0",
                "properties": {
                  "name": "eth0",
                  "network": "kubernetes"
                },
                "type": "nic"
              },
              {
                "name": "root",
                "properties": {
                  "path": "/",
                  "pool": "local",
                  "size": "20GB"
                },
                "type": "disk"
              }
            ],
            "name": "kubernetes-2-4-20",
            "project": "apps",
            "remote": null
          },
          "sensitive_attributes": [],
          "identity_schema_version": 0,
          "dependencies": [
            "incus_network.this",
            "incus_project.this"
          ]
        }
      ]
    },
    {
      "mode": "managed",
      "type": "incus_project",
      "name": "this",
      "provider": "provider[\"registry.terraform.io/lxc/incus\"]",
      "instances": [
        {
          "index_key": "apps",
          "schema_version": 0,
          "attributes": {
            "config": {},
            "description": "Managed by Terraform. Incus apps project.",
            "name": "apps",
            "remote": null
          },
          "sensitive_attributes": [],
          "identity_schema_version": 0
        },
        {
          "index_key": "infra",
          "schema_version": 0,
          "attributes": {
            "config": {},
            "description": "Managed by Terraform. Incus infra project.",
            "name": "infra",
            "remote": null
          },
          "sensitive_attributes": [],
          "identity_schema_version": 0
        }
      ]
    }
  ],
  "check_results": null
}
