{
  "version": 4,
  "terraform_version": "1.12.1",
  "serial": 60,
  "lineage": "ebcb50e9-66a6-040e-4e55-9d4e95e071a3",
  "outputs": {},
  "resources": [
    {
      "mode": "managed",
      "type": "incus_network",
      "name": "uplink",
      "provider": "provider[\"registry.terraform.io/lxc/incus\"]",
      "instances": [
        {
          "index_key": "lxdbr0",
          "schema_version": 0,
          "attributes": {
            "config": {
              "ipv4.address": "10.0.0.1/24",
              "ipv4.dhcp.ranges": "10.0.0.100-10.0.0.150",
              "ipv4.nat": "true",
              "ipv4.ovn.ranges": "10.0.0.151-10.0.0.200",
              "ipv4.routes": "10.191.1.100/32,10.191.1.101/32,10.191.0.99/32",
              "ipv6.address": "none"
            },
            "description": "",
            "managed": true,
            "name": "lxdbr0",
            "project": null,
            "remote": null,
            "target": null,
            "type": "bridge"
          },
          "sensitive_attributes": [],
          "identity_schema_version": 0
        }
      ]
    },
    {
      "mode": "managed",
      "type": "incus_project",
      "name": "this",
      "provider": "provider[\"registry.terraform.io/lxc/incus\"]",
      "instances": [
        {
          "index_key": "apps",
          "schema_version": 0,
          "attributes": {
            "config": {},
            "description": "Managed by Terraform. Incus apps project.",
            "name": "apps",
            "remote": null
          },
          "sensitive_attributes": [],
          "identity_schema_version": 0
        },
        {
          "index_key": "infra",
          "schema_version": 0,
          "attributes": {
            "config": {},
            "description": "Managed by Terraform. Incus infra project.",
            "name": "infra",
            "remote": null
          },
          "sensitive_attributes": [],
          "identity_schema_version": 0
        }
      ]
    }
  ],
  "check_results": null
}
