{
  "version": 4,
  "terraform_version": "1.12.1",
  "serial": 117,
  "lineage": "f524c756-2a4e-a7d0-c0d7-0e1ef40e94e3",
  "outputs": {},
  "resources": [
    {
      "mode": "managed",
      "type": "vault_audit",
      "name": "this",
      "provider": "provider[\"registry.terraform.io/hashicorp/vault\"]",
      "instances": [
        {
          "schema_version": 0,
          "attributes": {
            "description": "",
            "id": "file",
            "local": null,
            "namespace": null,
            "options": {
              "file_path": "/opt/vault/audit.log"
            },
            "path": "file",
            "type": "file"
          },
          "sensitive_attributes": [],
          "identity_schema_version": 0,
          "private": "bnVsbA=="
        }
      ]
    },
    {
      "mode": "managed",
      "type": "vault_auth_backend",
      "name": "ldap",
      "provider": "provider[\"registry.terraform.io/hashicorp/vault\"]",
      "instances": [
        {
          "schema_version": 1,
          "attributes": {
            "accessor": "auth_ldap_6fa3a1fd",
            "description": "LDAP authentication backend for GLAuth",
            "disable_remount": false,
            "id": "glauth-ldap",
            "local": false,
            "namespace": null,
            "path": "glauth-ldap",
            "tune": [
              {
                "allowed_response_headers": [],
                "audit_non_hmac_request_keys": [],
                "audit_non_hmac_response_keys": [],
                "default_lease_ttl": "",
                "listing_visibility": "unauth",
                "max_lease_ttl": "",
                "passthrough_request_headers": [],
                "token_type": "default-service"
              }
            ],
            "type": "ldap"
          },
          "sensitive_attributes": [],
          "identity_schema_version": 0,
          "private": "eyJzY2hlbWFfdmVyc2lvbiI6IjEifQ=="
        }
      ]
    },
    {
      "mode": "managed",
      "type": "vault_kv_secret_v2",
      "name": "environment",
      "provider": "provider[\"registry.terraform.io/hashicorp/vault\"]",
      "instances": [
        {
          "schema_version": 0,
          "attributes": {
            "cas": null,
            "custom_metadata": [
              {
                "cas_required": false,
                "data": {},
                "delete_version_after": 0,
                "max_versions": 0
              }
            ],
            "data": {
              "LDAP_URL": "ldap://10.191.1.100:3893",
              "VAULT_ADDR": "https://10.191.1.101:8200"
            },
            "data_json": "{\"LDAP_URL\":\"ldap://10.191.1.100:3893\",\"VAULT_ADDR\":\"https://10.191.1.101:8200\"}",
            "delete_all_versions": true,
            "disable_read": false,
            "id": "core/data/environment",
            "metadata": {
              "created_time": "2025-06-09T03:18:51.066163308Z",
              "custom_metadata": "null",
              "deletion_time": "",
              "destroyed": "false",
              "version": "1"
            },
            "mount": "core",
            "name": "environment",
            "namespace": null,
            "options": null,
            "path": "core/data/environment"
          },
          "sensitive_attributes": [
            [
              {
                "type": "get_attr",
                "value": "data"
              }
            ],
            [
              {
                "type": "get_attr",
                "value": "data_json"
              }
            ]
          ],
          "identity_schema_version": 0,
          "private": "bnVsbA==",
          "dependencies": [
            "vault_mount.core"
          ]
        }
      ]
    },
    {
      "mode": "managed",
      "type": "vault_ldap_auth_backend",
      "name": "ldap",
      "provider": "provider[\"registry.terraform.io/hashicorp/vault\"]",
      "instances": [
        {
          "schema_version": 2,
          "attributes": {
            "accessor": "auth_ldap_6fa3a1fd",
            "binddn": "cn=granato,dc=nataliagranato,dc=xyz",
            "bindpass": "123456",
            "case_sensitive_names": false,
            "certificate": "",
            "client_tls_cert": null,
            "client_tls_key": null,
            "deny_null_bind": true,
            "description": "LDAP authentication backend for GLAuth",
            "disable_remount": false,
            "discoverdn": false,
            "groupattr": "cn",
            "groupdn": "ou=groups,dc=nataliagranato,dc=xyz",
            "groupfilter": "(\u0026(objectClass=groupOfUniqueNames)(uniqueMember=cn={{.Username}},{{.UserDN}}))",
            "id": "glauth-ldap",
            "insecure_tls": true,
            "local": false,
            "max_page_size": -1,
            "namespace": null,
            "path": "glauth-ldap",
            "starttls": false,
            "tls_max_version": "tls12",
            "tls_min_version": "tls12",
            "token_bound_cidrs": [],
            "token_explicit_max_ttl": 0,
            "token_max_ttl": 0,
            "token_no_default_policy": false,
            "token_num_uses": 0,
            "token_period": 0,
            "token_policies": [],
            "token_ttl": 0,
            "token_type": "default",
            "upndomain": "",
            "url": "ldap://10.191.1.100:3893",
            "use_token_groups": false,
            "userattr": "cn",
            "userdn": "ou=admin,ou=users,dc=nataliagranato,dc=xyz",
            "userfilter": "(\u0026(objectClass=posixAccount)(cn={{.Username}}))",
            "username_as_alias": false
          },
          "sensitive_attributes": [
            [
              {
                "type": "get_attr",
                "value": "bindpass"
              }
            ],
            [
              {
                "type": "get_attr",
                "value": "client_tls_key"
              }
            ]
          ],
          "identity_schema_version": 0,
          "private": "eyJzY2hlbWFfdmVyc2lvbiI6IjIifQ==",
          "dependencies": [
            "vault_auth_backend.ldap"
          ]
        }
      ]
    },
    {
      "mode": "managed",
      "type": "vault_ldap_auth_backend_group",
      "name": "admin",
      "provider": "provider[\"registry.terraform.io/hashicorp/vault\"]",
      "instances": [
        {
          "schema_version": 1,
          "attributes": {
            "backend": "glauth-ldap",
            "groupname": "admin",
            "id": "auth/glauth-ldap/groups/admin",
            "namespace": null,
            "policies": [
              "admin"
            ]
          },
          "sensitive_attributes": [],
          "identity_schema_version": 0,
          "private": "eyJzY2hlbWFfdmVyc2lvbiI6IjEifQ==",
          "dependencies": [
            "vault_auth_backend.ldap",
            "vault_ldap_auth_backend.ldap",
            "vault_policy.admin"
          ]
        }
      ]
    },
    {
      "mode": "managed",
      "type": "vault_ldap_auth_backend_group",
      "name": "guest",
      "provider": "provider[\"registry.terraform.io/hashicorp/vault\"]",
      "instances": [
        {
          "schema_version": 1,
          "attributes": {
            "backend": "glauth-ldap",
            "groupname": "guest",
            "id": "auth/glauth-ldap/groups/guest",
            "namespace": null,
            "policies": [
              "guest",
              "read-env"
            ]
          },
          "sensitive_attributes": [],
          "identity_schema_version": 0,
          "private": "eyJzY2hlbWFfdmVyc2lvbiI6IjEifQ==",
          "dependencies": [
            "vault_auth_backend.ldap",
            "vault_kv_secret_v2.environment",
            "vault_ldap_auth_backend.ldap",
            "vault_mount.core",
            "vault_mount.guest",
            "vault_policy.guest",
            "vault_policy.read_env"
          ]
        }
      ]
    },
    {
      "mode": "managed",
      "type": "vault_mount",
      "name": "core",
      "provider": "provider[\"registry.terraform.io/hashicorp/vault\"]",
      "instances": [
        {
          "schema_version": 0,
          "attributes": {
            "accessor": "kv_6e928db0",
            "allowed_managed_keys": [],
            "audit_non_hmac_request_keys": [],
            "audit_non_hmac_response_keys": [],
            "default_lease_ttl_seconds": 0,
            "description": "",
            "external_entropy_access": false,
            "id": "core",
            "local": false,
            "max_lease_ttl_seconds": 0,
            "namespace": null,
            "options": {},
            "path": "core",
            "seal_wrap": false,
            "type": "kv-v2"
          },
          "sensitive_attributes": [],
          "identity_schema_version": 0,
          "private": "bnVsbA=="
        }
      ]
    },
    {
      "mode": "managed",
      "type": "vault_mount",
      "name": "guest",
      "provider": "provider[\"registry.terraform.io/hashicorp/vault\"]",
      "instances": [
        {
          "schema_version": 0,
          "attributes": {
            "accessor": "kv_fdfb3b91",
            "allowed_managed_keys": [],
            "audit_non_hmac_request_keys": [],
            "audit_non_hmac_response_keys": [],
            "default_lease_ttl_seconds": 0,
            "description": "",
            "external_entropy_access": false,
            "id": "guest",
            "local": false,
            "max_lease_ttl_seconds": 0,
            "namespace": null,
            "options": {},
            "path": "guest",
            "seal_wrap": false,
            "type": "kv-v2"
          },
          "sensitive_attributes": [],
          "identity_schema_version": 0,
          "private": "bnVsbA=="
        }
      ]
    },
    {
      "mode": "managed",
      "type": "vault_mount",
      "name": "pki",
      "provider": "provider[\"registry.terraform.io/hashicorp/vault\"]",
      "instances": [
        {
          "schema_version": 0,
          "attributes": {
            "accessor": "pki_e051dece",
            "allowed_managed_keys": [],
            "audit_non_hmac_request_keys": [],
            "audit_non_hmac_response_keys": [],
            "default_lease_ttl_seconds": 8640000,
            "description": "",
            "external_entropy_access": false,
            "id": "pki",
            "local": false,
            "max_lease_ttl_seconds": 8640000,
            "namespace": null,
            "options": {},
            "path": "pki",
            "seal_wrap": false,
            "type": "pki"
          },
          "sensitive_attributes": [],
          "identity_schema_version": 0,
          "private": "bnVsbA=="
        }
      ]
    },
    {
      "mode": "managed",
      "type": "vault_mount",
      "name": "pki_intermediate",
      "provider": "provider[\"registry.terraform.io/hashicorp/vault\"]",
      "instances": [
        {
          "schema_version": 0,
          "attributes": {
            "accessor": "pki_5b6f4777",
            "allowed_managed_keys": [],
            "audit_non_hmac_request_keys": [],
            "audit_non_hmac_response_keys": [],
            "default_lease_ttl_seconds": 0,
            "description": "",
            "external_entropy_access": false,
            "id": "pki-intermediate",
            "local": false,
            "max_lease_ttl_seconds": 0,
            "namespace": null,
            "options": {},
            "path": "pki-intermediate",
            "seal_wrap": false,
            "type": "pki"
          },
          "sensitive_attributes": [],
          "identity_schema_version": 0,
          "private": "bnVsbA=="
        }
      ]
    },
    {
      "mode": "managed",
      "type": "vault_pki_secret_backend_config_urls",
      "name": "this",
      "provider": "provider[\"registry.terraform.io/hashicorp/vault\"]",
      "instances": [
        {
          "schema_version": 0,
          "attributes": {
            "backend": "pki",
            "crl_distribution_points": [
              "https://10.191.1.101:8200/v1/pki/crl"
            ],
            "id": "pki/config/urls",
            "issuing_certificates": [
              "https://10.191.1.101:8200/v1/pki/ca"
            ],
            "namespace": null,
            "ocsp_servers": []
          },
          "sensitive_attributes": [],
          "identity_schema_version": 0,
          "private": "bnVsbA==",
          "dependencies": [
            "vault_mount.pki"
          ]
        }
      ]
    },
    {
      "mode": "managed",
      "type": "vault_pki_secret_backend_intermediate_cert_request",
      "name": "intermediate",
      "provider": "provider[\"registry.terraform.io/hashicorp/vault\"]",
      "instances": [
        {
          "schema_version": 0,
          "attributes": {
            "add_basic_constraints": false,
            "alt_names": null,
            "backend": "pki-intermediate",
            "common_name": "Tech Preta Vault Intermediate CA",
            "country": null,
            "csr": "-----BEGIN CERTIFICATE REQUEST-----\nMIICcDCCAVgCAQAwKzEpMCcGA1UEAxMgVGVjaCBQcmV0YSBWYXVsdCBJbnRlcm1l\nZGlhdGUgQ0EwggEiMA0GCSqGSIb3DQEBAQUAA4IBDwAwggEKAoIBAQDW+Ejnhgud\nbCm3EWKXU9iOvxWs/9YdW5qS9G1B/MZO3flavp05VMOU2b3Sdp3DLfaQCihrNbLI\nQW088M9u4e5u2Cn1e38fyJm/w/4nDvwB0M03ViJNDQw/EcPjh+HdpiESo/TQHg2e\nPid9ROvSH0YWGpcEQUy/qYBfWa7J5MBUeKElwrgVvZ8OVklHiBTlxeI+cKpUvW+P\nAI0ky2EBvUNxJCZqJ0+N/jjlhYz1jDj5aeIBGbqisOYju0SA91AfLC5yRJelaCX8\n8cs6UCoBRXKTILP2WMRqACIhsrWqfcR6IXFk8WvPNkwJ09LHsClfQFcE6bZw0a0A\nX9ZEUKW6UJBZAgMBAAGgADANBgkqhkiG9w0BAQsFAAOCAQEAWMgisaGN7ay1nsZf\no/3x4fN5GPsE3MyAFzsqWsW6hOcI+APdO3svkxVJ7Vu+Iwv7gpvrKGPEv2xGz5Ul\nj26/G/HgNxVnSSYTj2lwiubO5Df1M5NYfXcUNNyrpKFKqdT4zMjD3mcoe+KaEqc6\nqWg44cLjFPCYGNxSEztt5CDfBHAA3+2GioU5pccYfGhRrkAb3WIO/vWHSeqoelsc\naMmyaSAma2wTwUjfGsn9C+9BpwwXbIVs8KTT0gghmsjesjEH6TnruUQohAghe8iA\nO8eAI+AUCg6vl0VJt22/AM0eIwRL/2k6Xst2wdwokQKHETz+zHUmtZ7o5DJ9RgGp\nNxELXg==\n-----END CERTIFICATE REQUEST-----",
            "exclude_cn_from_sans": null,
            "format": "pem",
            "id": "pki-intermediate/issuers/generate/intermediate/internal/9ad7f1f8-5fb6-4d51-b7cb-9d30b2125505",
            "ip_sans": null,
            "key_bits": 2048,
            "key_id": "380782fb-78f2-81f2-252e-083733cfe28e",
            "key_name": null,
            "key_ref": null,
            "key_type": "rsa",
            "locality": null,
            "managed_key_id": null,
            "managed_key_name": null,
            "namespace": null,
            "organization": null,
            "other_sans": null,
            "ou": null,
            "postal_code": null,
            "private_key": null,
            "private_key_format": "der",
            "private_key_type": null,
            "province": null,
            "street_address": null,
            "type": "internal",
            "uri_sans": null
          },
          "sensitive_attributes": [
            [
              {
                "type": "get_attr",
                "value": "private_key"
              }
            ]
          ],
          "identity_schema_version": 0,
          "private": "bnVsbA==",
          "dependencies": [
            "vault_mount.pki_intermediate"
          ]
        }
      ]
    },
    {
      "mode": "managed",
      "type": "vault_pki_secret_backend_intermediate_set_signed",
      "name": "intermediate",
      "provider": "provider[\"registry.terraform.io/hashicorp/vault\"]",
      "instances": [
        {
          "schema_version": 0,
          "attributes": {
            "backend": "pki-intermediate",
            "certificate": "-----BEGIN CERTIFICATE-----\nMIIDuTCCAqGgAwIBAgIUJV6UhnxGMwhfQR+tx2/Oenm7zFowDQYJKoZIhvcNAQEL\nBQAwIzEhMB8GA1UEAxMYVGVjaCBQcmV0YSBWYXVsdCBSb290IENBMB4XDTI1MDYw\nOTAyMjgzN1oXDTI1MDYxMDAyMjkwN1owKzEpMCcGA1UEAxMgVGVjaCBQcmV0YSBW\nYXVsdCBJbnRlcm1lZGlhdGUgQ0EwggEiMA0GCSqGSIb3DQEBAQUAA4IBDwAwggEK\nAoIBAQDW+EjnhgudbCm3EWKXU9iOvxWs/9YdW5qS9G1B/MZO3flavp05VMOU2b3S\ndp3DLfaQCihrNbLIQW088M9u4e5u2Cn1e38fyJm/w/4nDvwB0M03ViJNDQw/EcPj\nh+HdpiESo/TQHg2ePid9ROvSH0YWGpcEQUy/qYBfWa7J5MBUeKElwrgVvZ8OVklH\niBTlxeI+cKpUvW+PAI0ky2EBvUNxJCZqJ0+N/jjlhYz1jDj5aeIBGbqisOYju0SA\n91AfLC5yRJelaCX88cs6UCoBRXKTILP2WMRqACIhsrWqfcR6IXFk8WvPNkwJ09LH\nsClfQFcE6bZw0a0AX9ZEUKW6UJBZAgMBAAGjgdwwgdkwDgYDVR0PAQH/BAQDAgEG\nMA8GA1UdEwEB/wQFMAMBAf8wHQYDVR0OBBYEFJlV08K2g1MwDgBp2b2J5S34wjh+\nMB8GA1UdIwQYMBaAFI5fUn7/grsqU3KMKqquJaF5r29EMD8GCCsGAQUFBwEBBDMw\nMTAvBggrBgEFBQcwAoYjaHR0cHM6Ly8xMC4xOTEuMS4xMDE6ODIwMC92MS9wa2kv\nY2EwNQYDVR0fBC4wLDAqoCigJoYkaHR0cHM6Ly8xMC4xOTEuMS4xMDE6ODIwMC92\nMS9wa2kvY3JsMA0GCSqGSIb3DQEBCwUAA4IBAQCYT92Y2VtAdIjgvcfdXhXPH6BD\nGy1tkiXuOvDXWQOviT3WoCwYKOk45jja2/RUsZCXBy7MUslnv7Nx1jh3Rn4sd6Ai\nlUcj0j+XHmQQ0gyulBmawCwPx4BS2CRTjUESU47q66DKdizmYoMRLOtQyAS5TqIR\n6uXTaYFxkzLHRd/rMUbkbcsJ1Q3XbWvBmOcpx4o8R20wC2vwuo2M3z3nFOLw2YKp\n3S+auHOyOYSPNFXCr6ODcStFQo0gNxn4d6EltOSCSVsK3wEuXBg2VHvn5wzQW8bj\nUc8MMe5SOePHAVNBq2JsTTfu/HSTGzjIJCYgkqvmbu1BxXmFdUuPBqjzczCl\n-----END CERTIFICATE-----\n-----BEGIN CERTIFICATE-----\nMIIDsTCCApmgAwIBAgIUKrWx3YEfr7it748wGb9QGzu7210wDQYJKoZIhvcNAQEL\nBQAwIzEhMB8GA1UEAxMYVGVjaCBQcmV0YSBWYXVsdCBSb290IENBMB4XDTI1MDYw\nOTAzMTgyMVoXDTI1MDYxMDAzMTg1MVowIzEhMB8GA1UEAxMYVGVjaCBQcmV0YSBW\nYXVsdCBSb290IENBMIIBIjANBgkqhkiG9w0BAQEFAAOCAQ8AMIIBCgKCAQEAtHSi\nvcM8hsKMf1iYM4qF0RTC2XXTWv0J9583KfWXscsHzvu68FiRRgZIF4VGs/8ekB2+\nwLucX2GdUgW4oZTl8EL8osy4GfDb3+RbNQphNJXKvSChNkUapaT04h+Y8WbiKbFv\nMnM1M3xpIWcAmn0VQVgrV0yX4XMXSaO+yYFQYrWW4RJPEsZPmnYpaz3tBl1PxpU0\n2oH3m/ZWrTiQYxKkk2jKJ53M8MNIb8aQMkF6IHRqhSI8dRcOPCammZOQzv3va+0K\n0asZpw9hiYw2Q7UIQKq3Q8/kGjLGCK5ckfwqPhNmJDKWnEth4I7n10Jwlorb/9Xo\nUDtt+3ZscEgPUlG4kQIDAQABo4HcMIHZMA4GA1UdDwEB/wQEAwIBBjAPBgNVHRMB\nAf8EBTADAQH/MB0GA1UdDgQWBBQ0hguO/0TZCil4FGWAog73S96hwzAfBgNVHSME\nGDAWgBQ0hguO/0TZCil4FGWAog73S96hwzA/BggrBgEFBQcBAQQzMDEwLwYIKwYB\nBQUHMAKGI2h0dHBzOi8vMTAuMTkxLjEuMTAxOjgyMDAvdjEvcGtpL2NhMDUGA1Ud\nHwQuMCwwKqAooCaGJGh0dHBzOi8vMTAuMTkxLjEuMTAxOjgyMDAvdjEvcGtpL2Ny\nbDANBgkqhkiG9w0BAQsFAAOCAQEAeXzg/0wiYK7OcpyiSprFwQvgwMCqM1L2e/PR\nqvHvgcwZ30QggeGEe8vqieG418qr+wQZUbQiKIKUckFDkWdOmNZUmeKwidkiRbTv\nS5Goy/cYquSj7Fmg5QD/G2Hh+abmGnmNhw8y8ajr6PFI/MbYhs6uv+veiA+zRwHi\nVBIRwifjKEPCtLCsn5pO+8K3Ljfj+k+J1EUswVGmqy93ic2qR2O17jOhEJvtBfC/\nauK0KQbD3RkuQJuVzId08/X2XQJzYGyuyTk+9Jl3yAD+otzyXNBrjrv6ih1j25fb\nfCbFYEiMJ3quApcrvf2VKFZOf5dDWp0bTsAnD5AfelUA4lKDdw==\n-----END CERTIFICATE-----",
            "id": "pki-intermediate/intermediate/set-signed",
            "imported_issuers": [
              "31e16b33-3aeb-eac5-aa17-d501eb077049",
              "d672881c-c6a6-6d7a-34b1-925eb20420a6"
            ],
            "imported_keys": [],
            "namespace": null
          },
          "sensitive_attributes": [],
          "identity_schema_version": 0,
          "private": "bnVsbA==",
          "dependencies": [
            "vault_mount.pki",
            "vault_mount.pki_intermediate",
            "vault_pki_secret_backend_intermediate_cert_request.intermediate",
            "vault_pki_secret_backend_issuer.root",
            "vault_pki_secret_backend_root_cert.this",
            "vault_pki_secret_backend_root_sign_intermediate.intermediate"
          ]
        }
      ]
    },
    {
      "mode": "managed",
      "type": "vault_pki_secret_backend_issuer",
      "name": "root",
      "provider": "provider[\"registry.terraform.io/hashicorp/vault\"]",
      "instances": [
        {
          "schema_version": 0,
          "attributes": {
            "backend": "pki",
            "crl_distribution_points": [],
            "enable_aia_url_templating": false,
            "id": "pki/issuer/7805d02d-b8d6-323b-918a-6e124462348a",
            "issuer_id": "7805d02d-b8d6-323b-918a-6e124462348a",
            "issuer_name": "",
            "issuer_ref": "7805d02d-b8d6-323b-918a-6e124462348a",
            "issuing_certificates": [],
            "leaf_not_after_behavior": "err",
            "manual_chain": [],
            "namespace": null,
            "ocsp_servers": [],
            "revocation_signature_algorithm": "SHA256WithRSA",
            "usage": "crl-signing,issuing-certificates,ocsp-signing,read-only"
          },
          "sensitive_attributes": [],
          "identity_schema_version": 0,
          "private": "bnVsbA==",
          "dependencies": [
            "vault_mount.pki",
            "vault_pki_secret_backend_root_cert.this"
          ]
        }
      ]
    },
    {
      "mode": "managed",
      "type": "vault_pki_secret_backend_role",
      "name": "this",
      "provider": "provider[\"registry.terraform.io/hashicorp/vault\"]",
      "instances": [
        {
          "schema_version": 0,
          "attributes": {
            "allow_any_name": false,
            "allow_bare_domains": false,
            "allow_glob_domains": false,
            "allow_ip_sans": true,
            "allow_localhost": true,
            "allow_subdomains": true,
            "allow_wildcard_certificates": true,
            "allowed_domains": [
              "nataliagranato.xyz"
            ],
            "allowed_domains_template": false,
            "allowed_other_sans": [],
            "allowed_serial_numbers": null,
            "allowed_uri_sans": [],
            "allowed_uri_sans_template": false,
            "allowed_user_ids": [],
            "backend": "pki-intermediate",
            "basic_constraints_valid_for_non_ca": false,
            "client_flag": true,
            "code_signing_flag": false,
            "country": [],
            "email_protection_flag": false,
            "enforce_hostnames": true,
            "ext_key_usage": null,
            "ext_key_usage_oids": null,
            "generate_lease": false,
            "id": "pki-intermediate/roles/pki",
            "issuer_ref": "default",
            "key_bits": 4096,
            "key_type": "rsa",
            "key_usage": [
              "DigitalSignature",
              "KeyAgreement",
              "KeyEncipherment"
            ],
            "locality": [],
            "max_ttl": "86400",
            "name": "pki",
            "namespace": null,
            "no_store": false,
            "not_before_duration": "30s",
            "organization": [],
            "ou": [],
            "policy_identifier": [],
            "policy_identifiers": null,
            "postal_code": [],
            "province": [],
            "require_cn": true,
            "server_flag": true,
            "street_address": [],
            "ttl": "86400",
            "use_csr_common_name": true,
            "use_csr_sans": true
          },
          "sensitive_attributes": [],
          "identity_schema_version": 0,
          "private": "bnVsbA==",
          "dependencies": [
            "vault_mount.pki_intermediate"
          ]
        }
      ]
    },
    {
      "mode": "managed",
      "type": "vault_pki_secret_backend_root_cert",
      "name": "this",
      "provider": "provider[\"registry.terraform.io/hashicorp/vault\"]",
      "instances": [
        {
          "schema_version": 1,
          "attributes": {
            "alt_names": null,
            "backend": "pki",
            "certificate": "-----BEGIN CERTIFICATE-----\nMIIDsTCCApmgAwIBAgIUKrWx3YEfr7it748wGb9QGzu7210wDQYJKoZIhvcNAQEL\nBQAwIzEhMB8GA1UEAxMYVGVjaCBQcmV0YSBWYXVsdCBSb290IENBMB4XDTI1MDYw\nOTAzMTgyMVoXDTI1MDYxMDAzMTg1MVowIzEhMB8GA1UEAxMYVGVjaCBQcmV0YSBW\nYXVsdCBSb290IENBMIIBIjANBgkqhkiG9w0BAQEFAAOCAQ8AMIIBCgKCAQEAtHSi\nvcM8hsKMf1iYM4qF0RTC2XXTWv0J9583KfWXscsHzvu68FiRRgZIF4VGs/8ekB2+\nwLucX2GdUgW4oZTl8EL8osy4GfDb3+RbNQphNJXKvSChNkUapaT04h+Y8WbiKbFv\nMnM1M3xpIWcAmn0VQVgrV0yX4XMXSaO+yYFQYrWW4RJPEsZPmnYpaz3tBl1PxpU0\n2oH3m/ZWrTiQYxKkk2jKJ53M8MNIb8aQMkF6IHRqhSI8dRcOPCammZOQzv3va+0K\n0asZpw9hiYw2Q7UIQKq3Q8/kGjLGCK5ckfwqPhNmJDKWnEth4I7n10Jwlorb/9Xo\nUDtt+3ZscEgPUlG4kQIDAQABo4HcMIHZMA4GA1UdDwEB/wQEAwIBBjAPBgNVHRMB\nAf8EBTADAQH/MB0GA1UdDgQWBBQ0hguO/0TZCil4FGWAog73S96hwzAfBgNVHSME\nGDAWgBQ0hguO/0TZCil4FGWAog73S96hwzA/BggrBgEFBQcBAQQzMDEwLwYIKwYB\nBQUHMAKGI2h0dHBzOi8vMTAuMTkxLjEuMTAxOjgyMDAvdjEvcGtpL2NhMDUGA1Ud\nHwQuMCwwKqAooCaGJGh0dHBzOi8vMTAuMTkxLjEuMTAxOjgyMDAvdjEvcGtpL2Ny\nbDANBgkqhkiG9w0BAQsFAAOCAQEAeXzg/0wiYK7OcpyiSprFwQvgwMCqM1L2e/PR\nqvHvgcwZ30QggeGEe8vqieG418qr+wQZUbQiKIKUckFDkWdOmNZUmeKwidkiRbTv\nS5Goy/cYquSj7Fmg5QD/G2Hh+abmGnmNhw8y8ajr6PFI/MbYhs6uv+veiA+zRwHi\nVBIRwifjKEPCtLCsn5pO+8K3Ljfj+k+J1EUswVGmqy93ic2qR2O17jOhEJvtBfC/\nauK0KQbD3RkuQJuVzId08/X2XQJzYGyuyTk+9Jl3yAD+otzyXNBrjrv6ih1j25fb\nfCbFYEiMJ3quApcrvf2VKFZOf5dDWp0bTsAnD5AfelUA4lKDdw==\n-----END CERTIFICATE-----",
            "common_name": "Tech Preta Vault Root CA",
            "country": null,
            "exclude_cn_from_sans": null,
            "format": "pem",
            "id": "pki/issuer/7805d02d-b8d6-323b-918a-6e124462348a",
            "ip_sans": null,
            "issuer_id": "7805d02d-b8d6-323b-918a-6e124462348a",
            "issuer_name": null,
            "issuing_ca": "-----BEGIN CERTIFICATE-----\nMIIDsTCCApmgAwIBAgIUKrWx3YEfr7it748wGb9QGzu7210wDQYJKoZIhvcNAQEL\nBQAwIzEhMB8GA1UEAxMYVGVjaCBQcmV0YSBWYXVsdCBSb290IENBMB4XDTI1MDYw\nOTAzMTgyMVoXDTI1MDYxMDAzMTg1MVowIzEhMB8GA1UEAxMYVGVjaCBQcmV0YSBW\nYXVsdCBSb290IENBMIIBIjANBgkqhkiG9w0BAQEFAAOCAQ8AMIIBCgKCAQEAtHSi\nvcM8hsKMf1iYM4qF0RTC2XXTWv0J9583KfWXscsHzvu68FiRRgZIF4VGs/8ekB2+\nwLucX2GdUgW4oZTl8EL8osy4GfDb3+RbNQphNJXKvSChNkUapaT04h+Y8WbiKbFv\nMnM1M3xpIWcAmn0VQVgrV0yX4XMXSaO+yYFQYrWW4RJPEsZPmnYpaz3tBl1PxpU0\n2oH3m/ZWrTiQYxKkk2jKJ53M8MNIb8aQMkF6IHRqhSI8dRcOPCammZOQzv3va+0K\n0asZpw9hiYw2Q7UIQKq3Q8/kGjLGCK5ckfwqPhNmJDKWnEth4I7n10Jwlorb/9Xo\nUDtt+3ZscEgPUlG4kQIDAQABo4HcMIHZMA4GA1UdDwEB/wQEAwIBBjAPBgNVHRMB\nAf8EBTADAQH/MB0GA1UdDgQWBBQ0hguO/0TZCil4FGWAog73S96hwzAfBgNVHSME\nGDAWgBQ0hguO/0TZCil4FGWAog73S96hwzA/BggrBgEFBQcBAQQzMDEwLwYIKwYB\nBQUHMAKGI2h0dHBzOi8vMTAuMTkxLjEuMTAxOjgyMDAvdjEvcGtpL2NhMDUGA1Ud\nHwQuMCwwKqAooCaGJGh0dHBzOi8vMTAuMTkxLjEuMTAxOjgyMDAvdjEvcGtpL2Ny\nbDANBgkqhkiG9w0BAQsFAAOCAQEAeXzg/0wiYK7OcpyiSprFwQvgwMCqM1L2e/PR\nqvHvgcwZ30QggeGEe8vqieG418qr+wQZUbQiKIKUckFDkWdOmNZUmeKwidkiRbTv\nS5Goy/cYquSj7Fmg5QD/G2Hh+abmGnmNhw8y8ajr6PFI/MbYhs6uv+veiA+zRwHi\nVBIRwifjKEPCtLCsn5pO+8K3Ljfj+k+J1EUswVGmqy93ic2qR2O17jOhEJvtBfC/\nauK0KQbD3RkuQJuVzId08/X2XQJzYGyuyTk+9Jl3yAD+otzyXNBrjrv6ih1j25fb\nfCbFYEiMJ3quApcrvf2VKFZOf5dDWp0bTsAnD5AfelUA4lKDdw==\n-----END CERTIFICATE-----",
            "key_bits": 2048,
            "key_id": "63747b42-13e3-c53e-42b3-915b04efe316",
            "key_name": null,
            "key_ref": null,
            "key_type": "rsa",
            "locality": null,
            "managed_key_id": null,
            "managed_key_name": null,
            "max_path_length": -1,
            "namespace": null,
            "organization": null,
            "other_sans": null,
            "ou": null,
            "permitted_dns_domains": null,
            "postal_code": null,
            "private_key_format": "der",
            "province": null,
            "serial": "2a:b5:b1:dd:81:1f:af:b8:ad:ef:8f:30:19:bf:50:1b:3b:bb:db:5d",
            "serial_number": "2a:b5:b1:dd:81:1f:af:b8:ad:ef:8f:30:19:bf:50:1b:3b:bb:db:5d",
            "street_address": null,
            "ttl": "86400",
            "type": "internal",
            "uri_sans": null
          },
          "sensitive_attributes": [],
          "identity_schema_version": 0,
          "private": "eyJzY2hlbWFfdmVyc2lvbiI6IjEifQ==",
          "dependencies": [
            "vault_mount.pki"
          ]
        }
      ]
    },
    {
      "mode": "managed",
      "type": "vault_pki_secret_backend_root_sign_intermediate",
      "name": "intermediate",
      "provider": "provider[\"registry.terraform.io/hashicorp/vault\"]",
      "instances": [
        {
          "schema_version": 2,
          "attributes": {
            "alt_names": null,
            "backend": "pki",
            "ca_chain": [
              "-----BEGIN CERTIFICATE-----\nMIIDuTCCAqGgAwIBAgIUJV6UhnxGMwhfQR+tx2/Oenm7zFowDQYJKoZIhvcNAQEL\nBQAwIzEhMB8GA1UEAxMYVGVjaCBQcmV0YSBWYXVsdCBSb290IENBMB4XDTI1MDYw\nOTAyMjgzN1oXDTI1MDYxMDAyMjkwN1owKzEpMCcGA1UEAxMgVGVjaCBQcmV0YSBW\nYXVsdCBJbnRlcm1lZGlhdGUgQ0EwggEiMA0GCSqGSIb3DQEBAQUAA4IBDwAwggEK\nAoIBAQDW+EjnhgudbCm3EWKXU9iOvxWs/9YdW5qS9G1B/MZO3flavp05VMOU2b3S\ndp3DLfaQCihrNbLIQW088M9u4e5u2Cn1e38fyJm/w/4nDvwB0M03ViJNDQw/EcPj\nh+HdpiESo/TQHg2ePid9ROvSH0YWGpcEQUy/qYBfWa7J5MBUeKElwrgVvZ8OVklH\niBTlxeI+cKpUvW+PAI0ky2EBvUNxJCZqJ0+N/jjlhYz1jDj5aeIBGbqisOYju0SA\n91AfLC5yRJelaCX88cs6UCoBRXKTILP2WMRqACIhsrWqfcR6IXFk8WvPNkwJ09LH\nsClfQFcE6bZw0a0AX9ZEUKW6UJBZAgMBAAGjgdwwgdkwDgYDVR0PAQH/BAQDAgEG\nMA8GA1UdEwEB/wQFMAMBAf8wHQYDVR0OBBYEFJlV08K2g1MwDgBp2b2J5S34wjh+\nMB8GA1UdIwQYMBaAFI5fUn7/grsqU3KMKqquJaF5r29EMD8GCCsGAQUFBwEBBDMw\nMTAvBggrBgEFBQcwAoYjaHR0cHM6Ly8xMC4xOTEuMS4xMDE6ODIwMC92MS9wa2kv\nY2EwNQYDVR0fBC4wLDAqoCigJoYkaHR0cHM6Ly8xMC4xOTEuMS4xMDE6ODIwMC92\nMS9wa2kvY3JsMA0GCSqGSIb3DQEBCwUAA4IBAQCYT92Y2VtAdIjgvcfdXhXPH6BD\nGy1tkiXuOvDXWQOviT3WoCwYKOk45jja2/RUsZCXBy7MUslnv7Nx1jh3Rn4sd6Ai\nlUcj0j+XHmQQ0gyulBmawCwPx4BS2CRTjUESU47q66DKdizmYoMRLOtQyAS5TqIR\n6uXTaYFxkzLHRd/rMUbkbcsJ1Q3XbWvBmOcpx4o8R20wC2vwuo2M3z3nFOLw2YKp\n3S+auHOyOYSPNFXCr6ODcStFQo0gNxn4d6EltOSCSVsK3wEuXBg2VHvn5wzQW8bj\nUc8MMe5SOePHAVNBq2JsTTfu/HSTGzjIJCYgkqvmbu1BxXmFdUuPBqjzczCl\n-----END CERTIFICATE-----",
              "-----BEGIN CERTIFICATE-----\nMIIDsTCCApmgAwIBAgIUTlshhqO5EuBTiauShTAD2+W8bPYwDQYJKoZIhvcNAQEL\nBQAwIzEhMB8GA1UEAxMYVGVjaCBQcmV0YSBWYXVsdCBSb290IENBMB4XDTI1MDYw\nOTAyMjgzN1oXDTI1MDYxMDAyMjkwN1owIzEhMB8GA1UEAxMYVGVjaCBQcmV0YSBW\nYXVsdCBSb290IENBMIIBIjANBgkqhkiG9w0BAQEFAAOCAQ8AMIIBCgKCAQEA7IJl\nk4gmr54Hh8ypDD8BFZ4pR00Wu0hCeh7RczIqODwMQ+E6SlSA1UhfUdc6UhNOMLfN\nbOga/RBY+ixV+0r0rvQvTD+E/Zv253ZB5Aj5XcZ9f/B8EB5no9ZOM5zxuiSuR1et\nzZfQnKyEViI2oOg8TlaBQrLIs62Dzc8JchSl1CWKxlijeNHj88ELGZXo7XKW9VcL\nXn1JkT0mABPGmiGnrgs1Df2ckQT27JvCVI6MmfeyGY1AOqau8qvhjmn53lVOVBpq\nbJtnsENjG1n0lIL6rr5jWdshQwmKj5JoBU3TuzPtLD6COLfaYsfF5W2vD9+hjgG5\n1WKiCHMoUTODUAEzjQIDAQABo4HcMIHZMA4GA1UdDwEB/wQEAwIBBjAPBgNVHRMB\nAf8EBTADAQH/MB0GA1UdDgQWBBSOX1J+/4K7KlNyjCqqriWhea9vRDAfBgNVHSME\nGDAWgBSOX1J+/4K7KlNyjCqqriWhea9vRDA/BggrBgEFBQcBAQQzMDEwLwYIKwYB\nBQUHMAKGI2h0dHBzOi8vMTAuMTkxLjEuMTAxOjgyMDAvdjEvcGtpL2NhMDUGA1Ud\nHwQuMCwwKqAooCaGJGh0dHBzOi8vMTAuMTkxLjEuMTAxOjgyMDAvdjEvcGtpL2Ny\nbDANBgkqhkiG9w0BAQsFAAOCAQEA3PYJkhmH+6Qc0gsnH1JyCDf9URz2CyJOwpsI\nmI9v77E/WIyL+h8uGDdmO+Wv1BYZpYon7R1luZMpwMTYq7qLm901pZenAHRupTtQ\nNXughHapFJ/7nJ/svFAMu4frJTndgjIKoPs3gjokkZgImyXd0duhh9d9A4dJ40pX\nOCIPBenT+1TXnXT2k8RAwkz/uwJ/zqp+vmnC3idCMOaQE1d9ldArjaxKbhtCNvu1\npTH5IBD9gZoENruXIZjOwgdhIvvTZlfR0AP1DT/a8GZqB6D05fnqOthM2FHiXMG7\nNoIfISsx5zvxvEQmESZ6axQEzCu1uxrlhXYZdWf8XKXq5mbbYg==\n-----END CERTIFICATE-----"
            ],
            "certificate": "-----BEGIN CERTIFICATE-----\nMIIDuTCCAqGgAwIBAgIUJV6UhnxGMwhfQR+tx2/Oenm7zFowDQYJKoZIhvcNAQEL\nBQAwIzEhMB8GA1UEAxMYVGVjaCBQcmV0YSBWYXVsdCBSb290IENBMB4XDTI1MDYw\nOTAyMjgzN1oXDTI1MDYxMDAyMjkwN1owKzEpMCcGA1UEAxMgVGVjaCBQcmV0YSBW\nYXVsdCBJbnRlcm1lZGlhdGUgQ0EwggEiMA0GCSqGSIb3DQEBAQUAA4IBDwAwggEK\nAoIBAQDW+EjnhgudbCm3EWKXU9iOvxWs/9YdW5qS9G1B/MZO3flavp05VMOU2b3S\ndp3DLfaQCihrNbLIQW088M9u4e5u2Cn1e38fyJm/w/4nDvwB0M03ViJNDQw/EcPj\nh+HdpiESo/TQHg2ePid9ROvSH0YWGpcEQUy/qYBfWa7J5MBUeKElwrgVvZ8OVklH\niBTlxeI+cKpUvW+PAI0ky2EBvUNxJCZqJ0+N/jjlhYz1jDj5aeIBGbqisOYju0SA\n91AfLC5yRJelaCX88cs6UCoBRXKTILP2WMRqACIhsrWqfcR6IXFk8WvPNkwJ09LH\nsClfQFcE6bZw0a0AX9ZEUKW6UJBZAgMBAAGjgdwwgdkwDgYDVR0PAQH/BAQDAgEG\nMA8GA1UdEwEB/wQFMAMBAf8wHQYDVR0OBBYEFJlV08K2g1MwDgBp2b2J5S34wjh+\nMB8GA1UdIwQYMBaAFI5fUn7/grsqU3KMKqquJaF5r29EMD8GCCsGAQUFBwEBBDMw\nMTAvBggrBgEFBQcwAoYjaHR0cHM6Ly8xMC4xOTEuMS4xMDE6ODIwMC92MS9wa2kv\nY2EwNQYDVR0fBC4wLDAqoCigJoYkaHR0cHM6Ly8xMC4xOTEuMS4xMDE6ODIwMC92\nMS9wa2kvY3JsMA0GCSqGSIb3DQEBCwUAA4IBAQCYT92Y2VtAdIjgvcfdXhXPH6BD\nGy1tkiXuOvDXWQOviT3WoCwYKOk45jja2/RUsZCXBy7MUslnv7Nx1jh3Rn4sd6Ai\nlUcj0j+XHmQQ0gyulBmawCwPx4BS2CRTjUESU47q66DKdizmYoMRLOtQyAS5TqIR\n6uXTaYFxkzLHRd/rMUbkbcsJ1Q3XbWvBmOcpx4o8R20wC2vwuo2M3z3nFOLw2YKp\n3S+auHOyOYSPNFXCr6ODcStFQo0gNxn4d6EltOSCSVsK3wEuXBg2VHvn5wzQW8bj\nUc8MMe5SOePHAVNBq2JsTTfu/HSTGzjIJCYgkqvmbu1BxXmFdUuPBqjzczCl\n-----END CERTIFICATE-----",
            "certificate_bundle": "-----BEGIN CERTIFICATE-----\nMIIDuTCCAqGgAwIBAgIUJV6UhnxGMwhfQR+tx2/Oenm7zFowDQYJKoZIhvcNAQEL\nBQAwIzEhMB8GA1UEAxMYVGVjaCBQcmV0YSBWYXVsdCBSb290IENBMB4XDTI1MDYw\nOTAyMjgzN1oXDTI1MDYxMDAyMjkwN1owKzEpMCcGA1UEAxMgVGVjaCBQcmV0YSBW\nYXVsdCBJbnRlcm1lZGlhdGUgQ0EwggEiMA0GCSqGSIb3DQEBAQUAA4IBDwAwggEK\nAoIBAQDW+EjnhgudbCm3EWKXU9iOvxWs/9YdW5qS9G1B/MZO3flavp05VMOU2b3S\ndp3DLfaQCihrNbLIQW088M9u4e5u2Cn1e38fyJm/w/4nDvwB0M03ViJNDQw/EcPj\nh+HdpiESo/TQHg2ePid9ROvSH0YWGpcEQUy/qYBfWa7J5MBUeKElwrgVvZ8OVklH\niBTlxeI+cKpUvW+PAI0ky2EBvUNxJCZqJ0+N/jjlhYz1jDj5aeIBGbqisOYju0SA\n91AfLC5yRJelaCX88cs6UCoBRXKTILP2WMRqACIhsrWqfcR6IXFk8WvPNkwJ09LH\nsClfQFcE6bZw0a0AX9ZEUKW6UJBZAgMBAAGjgdwwgdkwDgYDVR0PAQH/BAQDAgEG\nMA8GA1UdEwEB/wQFMAMBAf8wHQYDVR0OBBYEFJlV08K2g1MwDgBp2b2J5S34wjh+\nMB8GA1UdIwQYMBaAFI5fUn7/grsqU3KMKqquJaF5r29EMD8GCCsGAQUFBwEBBDMw\nMTAvBggrBgEFBQcwAoYjaHR0cHM6Ly8xMC4xOTEuMS4xMDE6ODIwMC92MS9wa2kv\nY2EwNQYDVR0fBC4wLDAqoCigJoYkaHR0cHM6Ly8xMC4xOTEuMS4xMDE6ODIwMC92\nMS9wa2kvY3JsMA0GCSqGSIb3DQEBCwUAA4IBAQCYT92Y2VtAdIjgvcfdXhXPH6BD\nGy1tkiXuOvDXWQOviT3WoCwYKOk45jja2/RUsZCXBy7MUslnv7Nx1jh3Rn4sd6Ai\nlUcj0j+XHmQQ0gyulBmawCwPx4BS2CRTjUESU47q66DKdizmYoMRLOtQyAS5TqIR\n6uXTaYFxkzLHRd/rMUbkbcsJ1Q3XbWvBmOcpx4o8R20wC2vwuo2M3z3nFOLw2YKp\n3S+auHOyOYSPNFXCr6ODcStFQo0gNxn4d6EltOSCSVsK3wEuXBg2VHvn5wzQW8bj\nUc8MMe5SOePHAVNBq2JsTTfu/HSTGzjIJCYgkqvmbu1BxXmFdUuPBqjzczCl\n-----END CERTIFICATE-----\n-----BEGIN CERTIFICATE-----\nMIIDsTCCApmgAwIBAgIUTlshhqO5EuBTiauShTAD2+W8bPYwDQYJKoZIhvcNAQEL\nBQAwIzEhMB8GA1UEAxMYVGVjaCBQcmV0YSBWYXVsdCBSb290IENBMB4XDTI1MDYw\nOTAyMjgzN1oXDTI1MDYxMDAyMjkwN1owIzEhMB8GA1UEAxMYVGVjaCBQcmV0YSBW\nYXVsdCBSb290IENBMIIBIjANBgkqhkiG9w0BAQEFAAOCAQ8AMIIBCgKCAQEA7IJl\nk4gmr54Hh8ypDD8BFZ4pR00Wu0hCeh7RczIqODwMQ+E6SlSA1UhfUdc6UhNOMLfN\nbOga/RBY+ixV+0r0rvQvTD+E/Zv253ZB5Aj5XcZ9f/B8EB5no9ZOM5zxuiSuR1et\nzZfQnKyEViI2oOg8TlaBQrLIs62Dzc8JchSl1CWKxlijeNHj88ELGZXo7XKW9VcL\nXn1JkT0mABPGmiGnrgs1Df2ckQT27JvCVI6MmfeyGY1AOqau8qvhjmn53lVOVBpq\nbJtnsENjG1n0lIL6rr5jWdshQwmKj5JoBU3TuzPtLD6COLfaYsfF5W2vD9+hjgG5\n1WKiCHMoUTODUAEzjQIDAQABo4HcMIHZMA4GA1UdDwEB/wQEAwIBBjAPBgNVHRMB\nAf8EBTADAQH/MB0GA1UdDgQWBBSOX1J+/4K7KlNyjCqqriWhea9vRDAfBgNVHSME\nGDAWgBSOX1J+/4K7KlNyjCqqriWhea9vRDA/BggrBgEFBQcBAQQzMDEwLwYIKwYB\nBQUHMAKGI2h0dHBzOi8vMTAuMTkxLjEuMTAxOjgyMDAvdjEvcGtpL2NhMDUGA1Ud\nHwQuMCwwKqAooCaGJGh0dHBzOi8vMTAuMTkxLjEuMTAxOjgyMDAvdjEvcGtpL2Ny\nbDANBgkqhkiG9w0BAQsFAAOCAQEA3PYJkhmH+6Qc0gsnH1JyCDf9URz2CyJOwpsI\nmI9v77E/WIyL+h8uGDdmO+Wv1BYZpYon7R1luZMpwMTYq7qLm901pZenAHRupTtQ\nNXughHapFJ/7nJ/svFAMu4frJTndgjIKoPs3gjokkZgImyXd0duhh9d9A4dJ40pX\nOCIPBenT+1TXnXT2k8RAwkz/uwJ/zqp+vmnC3idCMOaQE1d9ldArjaxKbhtCNvu1\npTH5IBD9gZoENruXIZjOwgdhIvvTZlfR0AP1DT/a8GZqB6D05fnqOthM2FHiXMG7\nNoIfISsx5zvxvEQmESZ6axQEzCu1uxrlhXYZdWf8XKXq5mbbYg==\n-----END CERTIFICATE-----",
            "common_name": "Tech Preta Vault Intermediate CA",
            "country": null,
            "csr": "-----BEGIN CERTIFICATE REQUEST-----\nMIICcDCCAVgCAQAwKzEpMCcGA1UEAxMgVGVjaCBQcmV0YSBWYXVsdCBJbnRlcm1l\nZGlhdGUgQ0EwggEiMA0GCSqGSIb3DQEBAQUAA4IBDwAwggEKAoIBAQDW+Ejnhgud\nbCm3EWKXU9iOvxWs/9YdW5qS9G1B/MZO3flavp05VMOU2b3Sdp3DLfaQCihrNbLI\nQW088M9u4e5u2Cn1e38fyJm/w/4nDvwB0M03ViJNDQw/EcPjh+HdpiESo/TQHg2e\nPid9ROvSH0YWGpcEQUy/qYBfWa7J5MBUeKElwrgVvZ8OVklHiBTlxeI+cKpUvW+P\nAI0ky2EBvUNxJCZqJ0+N/jjlhYz1jDj5aeIBGbqisOYju0SA91AfLC5yRJelaCX8\n8cs6UCoBRXKTILP2WMRqACIhsrWqfcR6IXFk8WvPNkwJ09LHsClfQFcE6bZw0a0A\nX9ZEUKW6UJBZAgMBAAGgADANBgkqhkiG9w0BAQsFAAOCAQEAWMgisaGN7ay1nsZf\no/3x4fN5GPsE3MyAFzsqWsW6hOcI+APdO3svkxVJ7Vu+Iwv7gpvrKGPEv2xGz5Ul\nj26/G/HgNxVnSSYTj2lwiubO5Df1M5NYfXcUNNyrpKFKqdT4zMjD3mcoe+KaEqc6\nqWg44cLjFPCYGNxSEztt5CDfBHAA3+2GioU5pccYfGhRrkAb3WIO/vWHSeqoelsc\naMmyaSAma2wTwUjfGsn9C+9BpwwXbIVs8KTT0gghmsjesjEH6TnruUQohAghe8iA\nO8eAI+AUCg6vl0VJt22/AM0eIwRL/2k6Xst2wdwokQKHETz+zHUmtZ7o5DJ9RgGp\nNxELXg==\n-----END CERTIFICATE REQUEST-----",
            "exclude_cn_from_sans": null,
            "format": "pem",
            "id": "pki/Tech Preta Vault Intermediate CA",
            "ip_sans": null,
            "issuer_ref": "7805d02d-b8d6-323b-918a-6e124462348a",
            "issuing_ca": "-----BEGIN CERTIFICATE-----\nMIIDsTCCApmgAwIBAgIUTlshhqO5EuBTiauShTAD2+W8bPYwDQYJKoZIhvcNAQEL\nBQAwIzEhMB8GA1UEAxMYVGVjaCBQcmV0YSBWYXVsdCBSb290IENBMB4XDTI1MDYw\nOTAyMjgzN1oXDTI1MDYxMDAyMjkwN1owIzEhMB8GA1UEAxMYVGVjaCBQcmV0YSBW\nYXVsdCBSb290IENBMIIBIjANBgkqhkiG9w0BAQEFAAOCAQ8AMIIBCgKCAQEA7IJl\nk4gmr54Hh8ypDD8BFZ4pR00Wu0hCeh7RczIqODwMQ+E6SlSA1UhfUdc6UhNOMLfN\nbOga/RBY+ixV+0r0rvQvTD+E/Zv253ZB5Aj5XcZ9f/B8EB5no9ZOM5zxuiSuR1et\nzZfQnKyEViI2oOg8TlaBQrLIs62Dzc8JchSl1CWKxlijeNHj88ELGZXo7XKW9VcL\nXn1JkT0mABPGmiGnrgs1Df2ckQT27JvCVI6MmfeyGY1AOqau8qvhjmn53lVOVBpq\nbJtnsENjG1n0lIL6rr5jWdshQwmKj5JoBU3TuzPtLD6COLfaYsfF5W2vD9+hjgG5\n1WKiCHMoUTODUAEzjQIDAQABo4HcMIHZMA4GA1UdDwEB/wQEAwIBBjAPBgNVHRMB\nAf8EBTADAQH/MB0GA1UdDgQWBBSOX1J+/4K7KlNyjCqqriWhea9vRDAfBgNVHSME\nGDAWgBSOX1J+/4K7KlNyjCqqriWhea9vRDA/BggrBgEFBQcBAQQzMDEwLwYIKwYB\nBQUHMAKGI2h0dHBzOi8vMTAuMTkxLjEuMTAxOjgyMDAvdjEvcGtpL2NhMDUGA1Ud\nHwQuMCwwKqAooCaGJGh0dHBzOi8vMTAuMTkxLjEuMTAxOjgyMDAvdjEvcGtpL2Ny\nbDANBgkqhkiG9w0BAQsFAAOCAQEA3PYJkhmH+6Qc0gsnH1JyCDf9URz2CyJOwpsI\nmI9v77E/WIyL+h8uGDdmO+Wv1BYZpYon7R1luZMpwMTYq7qLm901pZenAHRupTtQ\nNXughHapFJ/7nJ/svFAMu4frJTndgjIKoPs3gjokkZgImyXd0duhh9d9A4dJ40pX\nOCIPBenT+1TXnXT2k8RAwkz/uwJ/zqp+vmnC3idCMOaQE1d9ldArjaxKbhtCNvu1\npTH5IBD9gZoENruXIZjOwgdhIvvTZlfR0AP1DT/a8GZqB6D05fnqOthM2FHiXMG7\nNoIfISsx5zvxvEQmESZ6axQEzCu1uxrlhXYZdWf8XKXq5mbbYg==\n-----END CERTIFICATE-----",
            "locality": null,
            "max_path_length": -1,
            "namespace": null,
            "organization": null,
            "other_sans": null,
            "ou": null,
            "permitted_dns_domains": null,
            "postal_code": null,
            "province": null,
            "revoke": false,
            "serial": "25:5e:94:86:7c:46:33:08:5f:41:1f:ad:c7:6f:ce:7a:79:bb:cc:5a",
            "serial_number": "25:5e:94:86:7c:46:33:08:5f:41:1f:ad:c7:6f:ce:7a:79:bb:cc:5a",
            "street_address": null,
            "ttl": "86400",
            "uri_sans": null,
            "use_csr_values": false
          },
          "sensitive_attributes": [],
          "identity_schema_version": 0,
          "private": "eyJzY2hlbWFfdmVyc2lvbiI6IjIifQ==",
          "dependencies": [
            "vault_mount.pki",
            "vault_mount.pki_intermediate",
            "vault_pki_secret_backend_intermediate_cert_request.intermediate",
            "vault_pki_secret_backend_issuer.root",
            "vault_pki_secret_backend_root_cert.this"
          ]
        }
      ]
    },
    {
      "mode": "managed",
      "type": "vault_policy",
      "name": "admin",
      "provider": "provider[\"registry.terraform.io/hashicorp/vault\"]",
      "instances": [
        {
          "schema_version": 0,
          "attributes": {
            "id": "admin",
            "name": "admin",
            "namespace": null,
            "policy": "path \"/*\" {\n  capabilities = [\"create\", \"read\", \"update\", \"delete\", \"list\", \"sudo\"]\n}\n"
          },
          "sensitive_attributes": [],
          "identity_schema_version": 0,
          "private": "bnVsbA=="
        }
      ]
    },
    {
      "mode": "managed",
      "type": "vault_policy",
      "name": "guest",
      "provider": "provider[\"registry.terraform.io/hashicorp/vault\"]",
      "instances": [
        {
          "schema_version": 0,
          "attributes": {
            "id": "guest",
            "name": "guest",
            "namespace": null,
            "policy": "path \"guest/data/*\" {\n  capabilities = [\"read\", \"list\"]\n}\npath \"guest/metadata/*\" {\n  capabilities = [\"read\", \"list\"]\n}\n"
          },
          "sensitive_attributes": [],
          "identity_schema_version": 0,
          "private": "bnVsbA==",
          "dependencies": [
            "vault_mount.guest"
          ]
        }
      ]
    },
    {
      "mode": "managed",
      "type": "vault_policy",
      "name": "read_env",
      "provider": "provider[\"registry.terraform.io/hashicorp/vault\"]",
      "instances": [
        {
          "schema_version": 0,
          "attributes": {
            "id": "read-env",
            "name": "read-env",
            "namespace": null,
            "policy": "path \"core/*\" {\n  capabilities = [\"list\"]\n}\npath \"core/data/environment\" {\n  capabilities = [\"read\", \"list\"]\n}\npath \"core/metadata/environment\" {\n  capabilities = [\"read\", \"list\"]\n}\n"
          },
          "sensitive_attributes": [],
          "identity_schema_version": 0,
          "private": "bnVsbA==",
          "dependencies": [
            "vault_kv_secret_v2.environment",
            "vault_mount.core"
          ]
        }
      ]
    }
  ],
  "check_results": null
}
